// !$*UTF8*$!
{
	archiveVersion = 1;
	classes = {
	};
	objectVersion = 55;
	objects = {

/* Begin PBXBuildFile section */
		D32C31EE27851E13007ECB67 /* ReactiveViewController.swift in Sources */ = {isa = PBXBuildFile; fileRef = D32C31ED27851E13007ECB67 /* ReactiveViewController.swift */; };
		D32C31F027853CE6007ECB67 /* ValidationViewController.swift in Sources */ = {isa = PBXBuildFile; fileRef = D32C31EF27853CE6007ECB67 /* ValidationViewController.swift */; };
		D32C321E27866E4D007ECB67 /* ButtonViewController.swift in Sources */ = {isa = PBXBuildFile; fileRef = D32C321D27866E4C007ECB67 /* ButtonViewController.swift */; };
		D3420C8A278287520014B8CA /* AppDelegate.swift in Sources */ = {isa = PBXBuildFile; fileRef = D3420C89278287520014B8CA /* AppDelegate.swift */; };
		D3420C8C278287520014B8CA /* SceneDelegate.swift in Sources */ = {isa = PBXBuildFile; fileRef = D3420C8B278287520014B8CA /* SceneDelegate.swift */; };
		D3420C8E278287520014B8CA /* ViewController.swift in Sources */ = {isa = PBXBuildFile; fileRef = D3420C8D278287520014B8CA /* ViewController.swift */; };
		D3420C93278287540014B8CA /* Assets.xcassets in Resources */ = {isa = PBXBuildFile; fileRef = D3420C92278287540014B8CA /* Assets.xcassets */; };
		D3420C96278287540014B8CA /* LaunchScreen.storyboard in Resources */ = {isa = PBXBuildFile; fileRef = D3420C94278287540014B8CA /* LaunchScreen.storyboard */; };
		D3420CA4278289730014B8CA /* SnapKit in Frameworks */ = {isa = PBXBuildFile; productRef = D3420CA3278289730014B8CA /* SnapKit */; };
		D3420CA627828CB00014B8CA /* PickerViewController.swift in Sources */ = {isa = PBXBuildFile; fileRef = D3420CA527828CB00014B8CA /* PickerViewController.swift */; };
		D3420CA8278296510014B8CA /* Operator.swift in Sources */ = {isa = PBXBuildFile; fileRef = D3420CA7278296510014B8CA /* Operator.swift */; };
		D3420CAA27829B970014B8CA /* GradeCalculator.swift in Sources */ = {isa = PBXBuildFile; fileRef = D3420CA927829B970014B8CA /* GradeCalculator.swift */; };
		D3420CC32783D4030014B8CA /* Subject.swift in Sources */ = {isa = PBXBuildFile; fileRef = D3420CC22783D4030014B8CA /* Subject.swift */; };
		D3420CC52783E4950014B8CA /* Networking.swift in Sources */ = {isa = PBXBuildFile; fileRef = D3420CC42783E4950014B8CA /* Networking.swift */; };
		D3420CC92783E8DC0014B8CA /* RxCocoa in Frameworks */ = {isa = PBXBuildFile; productRef = D3420CC82783E8DC0014B8CA /* RxCocoa */; };
		D3420CCB2783E8DC0014B8CA /* RxSwift in Frameworks */ = {isa = PBXBuildFile; productRef = D3420CCA2783E8DC0014B8CA /* RxSwift */; };
		D3420CCE278417390014B8CA /* RxAlamofire in Frameworks */ = {isa = PBXBuildFile; productRef = D3420CCD278417390014B8CA /* RxAlamofire */; };
		D3694C252787D2F900E29A4B /* InAppViewController.swift in Sources */ = {isa = PBXBuildFile; fileRef = D3694C242787D2F900E29A4B /* InAppViewController.swift */; };
/* End PBXBuildFile section */

/* Begin PBXFileReference section */
		D32C31ED27851E13007ECB67 /* ReactiveViewController.swift */ = {isa = PBXFileReference; lastKnownFileType = sourcecode.swift; path = ReactiveViewController.swift; sourceTree = "<group>"; };
		D32C31EF27853CE6007ECB67 /* ValidationViewController.swift */ = {isa = PBXFileReference; lastKnownFileType = sourcecode.swift; path = ValidationViewController.swift; sourceTree = "<group>"; };
		D32C321D27866E4C007ECB67 /* ButtonViewController.swift */ = {isa = PBXFileReference; lastKnownFileType = sourcecode.swift; path = ButtonViewController.swift; sourceTree = "<group>"; };
		D3420C86278287520014B8CA /* SeSACWeek15.app */ = {isa = PBXFileReference; explicitFileType = wrapper.application; includeInIndex = 0; path = SeSACWeek15.app; sourceTree = BUILT_PRODUCTS_DIR; };
		D3420C89278287520014B8CA /* AppDelegate.swift */ = {isa = PBXFileReference; lastKnownFileType = sourcecode.swift; path = AppDelegate.swift; sourceTree = "<group>"; };
		D3420C8B278287520014B8CA /* SceneDelegate.swift */ = {isa = PBXFileReference; lastKnownFileType = sourcecode.swift; path = SceneDelegate.swift; sourceTree = "<group>"; };
		D3420C8D278287520014B8CA /* ViewController.swift */ = {isa = PBXFileReference; lastKnownFileType = sourcecode.swift; path = ViewController.swift; sourceTree = "<group>"; };
		D3420C92278287540014B8CA /* Assets.xcassets */ = {isa = PBXFileReference; lastKnownFileType = folder.assetcatalog; path = Assets.xcassets; sourceTree = "<group>"; };
		D3420C95278287540014B8CA /* Base */ = {isa = PBXFileReference; lastKnownFileType = file.storyboard; name = Base; path = Base.lproj/LaunchScreen.storyboard; sourceTree = "<group>"; };
		D3420C97278287540014B8CA /* Info.plist */ = {isa = PBXFileReference; lastKnownFileType = text.plist.xml; path = Info.plist; sourceTree = "<group>"; };
		D3420CA527828CB00014B8CA /* PickerViewController.swift */ = {isa = PBXFileReference; lastKnownFileType = sourcecode.swift; path = PickerViewController.swift; sourceTree = "<group>"; };
		D3420CA7278296510014B8CA /* Operator.swift */ = {isa = PBXFileReference; lastKnownFileType = sourcecode.swift; path = Operator.swift; sourceTree = "<group>"; };
		D3420CA927829B970014B8CA /* GradeCalculator.swift */ = {isa = PBXFileReference; lastKnownFileType = sourcecode.swift; path = GradeCalculator.swift; sourceTree = "<group>"; };
		D3420CC22783D4030014B8CA /* Subject.swift */ = {isa = PBXFileReference; lastKnownFileType = sourcecode.swift; path = Subject.swift; sourceTree = "<group>"; };
		D3420CC42783E4950014B8CA /* Networking.swift */ = {isa = PBXFileReference; lastKnownFileType = sourcecode.swift; path = Networking.swift; sourceTree = "<group>"; };
		D3694C242787D2F900E29A4B /* InAppViewController.swift */ = {isa = PBXFileReference; lastKnownFileType = sourcecode.swift; path = InAppViewController.swift; sourceTree = "<group>"; };
/* End PBXFileReference section */

/* Begin PBXFrameworksBuildPhase section */
		D3420C83278287520014B8CA /* Frameworks */ = {
			isa = PBXFrameworksBuildPhase;
			buildActionMask = 2147483647;
			files = (
				D3420CCB2783E8DC0014B8CA /* RxSwift in Frameworks */,
				D3420CCE278417390014B8CA /* RxAlamofire in Frameworks */,
				D3420CC92783E8DC0014B8CA /* RxCocoa in Frameworks */,
				D3420CA4278289730014B8CA /* SnapKit in Frameworks */,
			);
			runOnlyForDeploymentPostprocessing = 0;
		};
/* End PBXFrameworksBuildPhase section */

/* Begin PBXGroup section */
		D3420C7D278287510014B8CA = {
			isa = PBXGroup;
			children = (
				D3420C88278287520014B8CA /* SeSACWeek15 */,
				D3420C87278287520014B8CA /* Products */,
			);
			sourceTree = "<group>";
		};
		D3420C87278287520014B8CA /* Products */ = {
			isa = PBXGroup;
			children = (
				D3420C86278287520014B8CA /* SeSACWeek15.app */,
			);
			name = Products;
			sourceTree = "<group>";
		};
		D3420C88278287520014B8CA /* SeSACWeek15 */ = {
			isa = PBXGroup;
			children = (
				D3420C89278287520014B8CA /* AppDelegate.swift */,
				D3420C8B278287520014B8CA /* SceneDelegate.swift */,
				D3420C8D278287520014B8CA /* ViewController.swift */,
				D3420CA527828CB00014B8CA /* PickerViewController.swift */,
				D3420CA7278296510014B8CA /* Operator.swift */,
				D3420CC22783D4030014B8CA /* Subject.swift */,
				D32C31ED27851E13007ECB67 /* ReactiveViewController.swift */,
				D3420CC42783E4950014B8CA /* Networking.swift */,
				D32C31EF27853CE6007ECB67 /* ValidationViewController.swift */,
				D3420CA927829B970014B8CA /* GradeCalculator.swift */,
				D32C321D27866E4C007ECB67 /* ButtonViewController.swift */,
				D3694C242787D2F900E29A4B /* InAppViewController.swift */,
				D3420C92278287540014B8CA /* Assets.xcassets */,
				D3420C94278287540014B8CA /* LaunchScreen.storyboard */,
				D3420C97278287540014B8CA /* Info.plist */,
			);
			path = SeSACWeek15;
			sourceTree = "<group>";
		};
/* End PBXGroup section */

/* Begin PBXNativeTarget section */
		D3420C85278287520014B8CA /* SeSACWeek15 */ = {
			isa = PBXNativeTarget;
			buildConfigurationList = D3420C9A278287540014B8CA /* Build configuration list for PBXNativeTarget "SeSACWeek15" */;
			buildPhases = (
				D3420C82278287520014B8CA /* Sources */,
				D3420C83278287520014B8CA /* Frameworks */,
				D3420C84278287520014B8CA /* Resources */,
			);
			buildRules = (
			);
			dependencies = (
			);
			name = SeSACWeek15;
			packageProductDependencies = (
				D3420CA3278289730014B8CA /* SnapKit */,
				D3420CC82783E8DC0014B8CA /* RxCocoa */,
				D3420CCA2783E8DC0014B8CA /* RxSwift */,
				D3420CCD278417390014B8CA /* RxAlamofire */,
			);
			productName = SeSACWeek15;
			productReference = D3420C86278287520014B8CA /* SeSACWeek15.app */;
			productType = "com.apple.product-type.application";
		};
/* End PBXNativeTarget section */

/* Begin PBXProject section */
		D3420C7E278287510014B8CA /* Project object */ = {
			isa = PBXProject;
			attributes = {
				BuildIndependentTargetsInParallel = 1;
				LastSwiftUpdateCheck = 1320;
				LastUpgradeCheck = 1320;
				TargetAttributes = {
					D3420C85278287520014B8CA = {
						CreatedOnToolsVersion = 13.2.1;
					};
				};
			};
			buildConfigurationList = D3420C81278287510014B8CA /* Build configuration list for PBXProject "SeSACWeek15" */;
			compatibilityVersion = "Xcode 13.0";
			developmentRegion = en;
			hasScannedForEncodings = 0;
			knownRegions = (
				en,
				Base,
			);
			mainGroup = D3420C7D278287510014B8CA;
			packageReferences = (
				D3420CA2278289730014B8CA /* XCRemoteSwiftPackageReference "SnapKit" */,
				D3420CC72783E8DC0014B8CA /* XCRemoteSwiftPackageReference "RxSwift" */,
				D3420CCC278417380014B8CA /* XCRemoteSwiftPackageReference "RxAlamofire" */,
			);
			productRefGroup = D3420C87278287520014B8CA /* Products */;
			projectDirPath = "";
			projectRoot = "";
			targets = (
				D3420C85278287520014B8CA /* SeSACWeek15 */,
			);
		};
/* End PBXProject section */

/* Begin PBXResourcesBuildPhase section */
		D3420C84278287520014B8CA /* Resources */ = {
			isa = PBXResourcesBuildPhase;
			buildActionMask = 2147483647;
			files = (
				D3420C96278287540014B8CA /* LaunchScreen.storyboard in Resources */,
				D3420C93278287540014B8CA /* Assets.xcassets in Resources */,
			);
			runOnlyForDeploymentPostprocessing = 0;
		};
/* End PBXResourcesBuildPhase section */

/* Begin PBXSourcesBuildPhase section */
		D3420C82278287520014B8CA /* Sources */ = {
			isa = PBXSourcesBuildPhase;
			buildActionMask = 2147483647;
			files = (
				D3420C8E278287520014B8CA /* ViewController.swift in Sources */,
				D3420CAA27829B970014B8CA /* GradeCalculator.swift in Sources */,
				D32C31EE27851E13007ECB67 /* ReactiveViewController.swift in Sources */,
				D3420CC32783D4030014B8CA /* Subject.swift in Sources */,
				D3420CC52783E4950014B8CA /* Networking.swift in Sources */,
				D3420C8A278287520014B8CA /* AppDelegate.swift in Sources */,
				D3420CA8278296510014B8CA /* Operator.swift in Sources */,
				D3420CA627828CB00014B8CA /* PickerViewController.swift in Sources */,
				D3420C8C278287520014B8CA /* SceneDelegate.swift in Sources */,
				D32C31F027853CE6007ECB67 /* ValidationViewController.swift in Sources */,
				D32C321E27866E4D007ECB67 /* ButtonViewController.swift in Sources */,
				D3694C252787D2F900E29A4B /* InAppViewController.swift in Sources */,
			);
			runOnlyForDeploymentPostprocessing = 0;
		};
/* End PBXSourcesBuildPhase section */

/* Begin PBXVariantGroup section */
		D3420C94278287540014B8CA /* LaunchScreen.storyboard */ = {
			isa = PBXVariantGroup;
			children = (
				D3420C95278287540014B8CA /* Base */,
			);
			name = LaunchScreen.storyboard;
			sourceTree = "<group>";
		};
/* End PBXVariantGroup section */

/* Begin XCBuildConfiguration section */
		D3420C98278287540014B8CA /* Debug */ = {
			isa = XCBuildConfiguration;
			buildSettings = {
				ALWAYS_SEARCH_USER_PATHS = NO;
				CLANG_ANALYZER_NONNULL = YES;
				CLANG_ANALYZER_NUMBER_OBJECT_CONVERSION = YES_AGGRESSIVE;
				CLANG_CXX_LANGUAGE_STANDARD = "gnu++17";
				CLANG_CXX_LIBRARY = "libc++";
				CLANG_ENABLE_MODULES = YES;
				CLANG_ENABLE_OBJC_ARC = YES;
				CLANG_ENABLE_OBJC_WEAK = YES;
				CLANG_WARN_BLOCK_CAPTURE_AUTORELEASING = YES;
				CLANG_WARN_BOOL_CONVERSION = YES;
				CLANG_WARN_COMMA = YES;
				CLANG_WARN_CONSTANT_CONVERSION = YES;
				CLANG_WARN_DEPRECATED_OBJC_IMPLEMENTATIONS = YES;
				CLANG_WARN_DIRECT_OBJC_ISA_USAGE = YES_ERROR;
				CLANG_WARN_DOCUMENTATION_COMMENTS = YES;
				CLANG_WARN_EMPTY_BODY = YES;
				CLANG_WARN_ENUM_CONVERSION = YES;
				CLANG_WARN_INFINITE_RECURSION = YES;
				CLANG_WARN_INT_CONVERSION = YES;
				CLANG_WARN_NON_LITERAL_NULL_CONVERSION = YES;
				CLANG_WARN_OBJC_IMPLICIT_RETAIN_SELF = YES;
				CLANG_WARN_OBJC_LITERAL_CONVERSION = YES;
				CLANG_WARN_OBJC_ROOT_CLASS = YES_ERROR;
				CLANG_WARN_QUOTED_INCLUDE_IN_FRAMEWORK_HEADER = YES;
				CLANG_WARN_RANGE_LOOP_ANALYSIS = YES;
				CLANG_WARN_STRICT_PROTOTYPES = YES;
				CLANG_WARN_SUSPICIOUS_MOVE = YES;
				CLANG_WARN_UNGUARDED_AVAILABILITY = YES_AGGRESSIVE;
				CLANG_WARN_UNREACHABLE_CODE = YES;
				CLANG_WARN__DUPLICATE_METHOD_MATCH = YES;
				COPY_PHASE_STRIP = NO;
				DEBUG_INFORMATION_FORMAT = dwarf;
				ENABLE_STRICT_OBJC_MSGSEND = YES;
				ENABLE_TESTABILITY = YES;
				GCC_C_LANGUAGE_STANDARD = gnu11;
				GCC_DYNAMIC_NO_PIC = NO;
				GCC_NO_COMMON_BLOCKS = YES;
				GCC_OPTIMIZATION_LEVEL = 0;
				GCC_PREPROCESSOR_DEFINITIONS = (
					"DEBUG=1",
					"$(inherited)",
				);
				GCC_WARN_64_TO_32_BIT_CONVERSION = YES;
				GCC_WARN_ABOUT_RETURN_TYPE = YES_ERROR;
				GCC_WARN_UNDECLARED_SELECTOR = YES;
				GCC_WARN_UNINITIALIZED_AUTOS = YES_AGGRESSIVE;
				GCC_WARN_UNUSED_FUNCTION = YES;
				GCC_WARN_UNUSED_VARIABLE = YES;
				IPHONEOS_DEPLOYMENT_TARGET = 15.2;
				MTL_ENABLE_DEBUG_INFO = INCLUDE_SOURCE;
				MTL_FAST_MATH = YES;
				ONLY_ACTIVE_ARCH = YES;
				SDKROOT = iphoneos;
				SWIFT_ACTIVE_COMPILATION_CONDITIONS = DEBUG;
				SWIFT_OPTIMIZATION_LEVEL = "-Onone";
			};
			name = Debug;
		};
		D3420C99278287540014B8CA /* Release */ = {
			isa = XCBuildConfiguration;
			buildSettings = {
				ALWAYS_SEARCH_USER_PATHS = NO;
				CLANG_ANALYZER_NONNULL = YES;
				CLANG_ANALYZER_NUMBER_OBJECT_CONVERSION = YES_AGGRESSIVE;
				CLANG_CXX_LANGUAGE_STANDARD = "gnu++17";
				CLANG_CXX_LIBRARY = "libc++";
				CLANG_ENABLE_MODULES = YES;
				CLANG_ENABLE_OBJC_ARC = YES;
				CLANG_ENABLE_OBJC_WEAK = YES;
				CLANG_WARN_BLOCK_CAPTURE_AUTORELEASING = YES;
				CLANG_WARN_BOOL_CONVERSION = YES;
				CLANG_WARN_COMMA = YES;
				CLANG_WARN_CONSTANT_CONVERSION = YES;
				CLANG_WARN_DEPRECATED_OBJC_IMPLEMENTATIONS = YES;
				CLANG_WARN_DIRECT_OBJC_ISA_USAGE = YES_ERROR;
				CLANG_WARN_DOCUMENTATION_COMMENTS = YES;
				CLANG_WARN_EMPTY_BODY = YES;
				CLANG_WARN_ENUM_CONVERSION = YES;
				CLANG_WARN_INFINITE_RECURSION = YES;
				CLANG_WARN_INT_CONVERSION = YES;
				CLANG_WARN_NON_LITERAL_NULL_CONVERSION = YES;
				CLANG_WARN_OBJC_IMPLICIT_RETAIN_SELF = YES;
				CLANG_WARN_OBJC_LITERAL_CONVERSION = YES;
				CLANG_WARN_OBJC_ROOT_CLASS = YES_ERROR;
				CLANG_WARN_QUOTED_INCLUDE_IN_FRAMEWORK_HEADER = YES;
				CLANG_WARN_RANGE_LOOP_ANALYSIS = YES;
				CLANG_WARN_STRICT_PROTOTYPES = YES;
				CLANG_WARN_SUSPICIOUS_MOVE = YES;
				CLANG_WARN_UNGUARDED_AVAILABILITY = YES_AGGRESSIVE;
				CLANG_WARN_UNREACHABLE_CODE = YES;
				CLANG_WARN__DUPLICATE_METHOD_MATCH = YES;
				COPY_PHASE_STRIP = NO;
				DEBUG_INFORMATION_FORMAT = "dwarf-with-dsym";
				ENABLE_NS_ASSERTIONS = NO;
				ENABLE_STRICT_OBJC_MSGSEND = YES;
				GCC_C_LANGUAGE_STANDARD = gnu11;
				GCC_NO_COMMON_BLOCKS = YES;
				GCC_WARN_64_TO_32_BIT_CONVERSION = YES;
				GCC_WARN_ABOUT_RETURN_TYPE = YES_ERROR;
				GCC_WARN_UNDECLARED_SELECTOR = YES;
				GCC_WARN_UNINITIALIZED_AUTOS = YES_AGGRESSIVE;
				GCC_WARN_UNUSED_FUNCTION = YES;
				GCC_WARN_UNUSED_VARIABLE = YES;
				IPHONEOS_DEPLOYMENT_TARGET = 15.2;
				MTL_ENABLE_DEBUG_INFO = NO;
				MTL_FAST_MATH = YES;
				SDKROOT = iphoneos;
				SWIFT_COMPILATION_MODE = wholemodule;
				SWIFT_OPTIMIZATION_LEVEL = "-O";
				VALIDATE_PRODUCT = YES;
			};
			name = Release;
		};
		D3420C9B278287540014B8CA /* Debug */ = {
			isa = XCBuildConfiguration;
			buildSettings = {
				ASSETCATALOG_COMPILER_APPICON_NAME = AppIcon;
				ASSETCATALOG_COMPILER_GLOBAL_ACCENT_COLOR_NAME = AccentColor;
				CODE_SIGN_STYLE = Automatic;
				CURRENT_PROJECT_VERSION = 1;
				DEVELOPMENT_TEAM = 9XD488YM8C;
				GENERATE_INFOPLIST_FILE = YES;
				INFOPLIST_FILE = SeSACWeek15/Info.plist;
				INFOPLIST_KEY_UIApplicationSupportsIndirectInputEvents = YES;
				INFOPLIST_KEY_UILaunchStoryboardName = LaunchScreen;
				INFOPLIST_KEY_UISupportedInterfaceOrientations_iPad = "UIInterfaceOrientationPortrait UIInterfaceOrientationPortraitUpsideDown UIInterfaceOrientationLandscapeLeft UIInterfaceOrientationLandscapeRight";
				INFOPLIST_KEY_UISupportedInterfaceOrientations_iPhone = "UIInterfaceOrientationPortrait UIInterfaceOrientationLandscapeLeft UIInterfaceOrientationLandscapeRight";
				IPHONEOS_DEPLOYMENT_TARGET = 15.0;
				LD_RUNPATH_SEARCH_PATHS = (
					"$(inherited)",
					"@executable_path/Frameworks",
				);
				MARKETING_VERSION = 1.0;
				PRODUCT_BUNDLE_IDENTIFIER = "com.jerry.SeSac-FirebaseTest";
				PRODUCT_NAME = "$(TARGET_NAME)";
				SWIFT_EMIT_LOC_STRINGS = YES;
				SWIFT_VERSION = 5.0;
				TARGETED_DEVICE_FAMILY = "1,2";
			};
			name = Debug;
		};
		D3420C9C278287540014B8CA /* Release */ = {
			isa = XCBuildConfiguration;
			buildSettings = {
				ASSETCATALOG_COMPILER_APPICON_NAME = AppIcon;
				ASSETCATALOG_COMPILER_GLOBAL_ACCENT_COLOR_NAME = AccentColor;
				CODE_SIGN_STYLE = Automatic;
				CURRENT_PROJECT_VERSION = 1;
				DEVELOPMENT_TEAM = 9XD488YM8C;
				GENERATE_INFOPLIST_FILE = YES;
				INFOPLIST_FILE = SeSACWeek15/Info.plist;
				INFOPLIST_KEY_UIApplicationSupportsIndirectInputEvents = YES;
				INFOPLIST_KEY_UILaunchStoryboardName = LaunchScreen;
				INFOPLIST_KEY_UISupportedInterfaceOrientations_iPad = "UIInterfaceOrientationPortrait UIInterfaceOrientationPortraitUpsideDown UIInterfaceOrientationLandscapeLeft UIInterfaceOrientationLandscapeRight";
				INFOPLIST_KEY_UISupportedInterfaceOrientations_iPhone = "UIInterfaceOrientationPortrait UIInterfaceOrientationLandscapeLeft UIInterfaceOrientationLandscapeRight";
				IPHONEOS_DEPLOYMENT_TARGET = 15.0;
				LD_RUNPATH_SEARCH_PATHS = (
					"$(inherited)",
					"@executable_path/Frameworks",
				);
				MARKETING_VERSION = 1.0;
				PRODUCT_BUNDLE_IDENTIFIER = "com.jerry.SeSac-FirebaseTest";
				PRODUCT_NAME = "$(TARGET_NAME)";
				SWIFT_EMIT_LOC_STRINGS = YES;
				SWIFT_VERSION = 5.0;
				TARGETED_DEVICE_FAMILY = "1,2";
			};
			name = Release;
		};
/* End XCBuildConfiguration section */

/* Begin XCConfigurationList section */
		D3420C81278287510014B8CA /* Build configuration list for PBXProject "SeSACWeek15" */ = {
			isa = XCConfigurationList;
			buildConfigurations = (
				D3420C98278287540014B8CA /* Debug */,
				D3420C99278287540014B8CA /* Release */,
			);
			defaultConfigurationIsVisible = 0;
			defaultConfigurationName = Release;
		};
		D3420C9A278287540014B8CA /* Build configuration list for PBXNativeTarget "SeSACWeek15" */ = {
			isa = XCConfigurationList;
			buildConfigurations = (
				D3420C9B278287540014B8CA /* Debug */,
				D3420C9C278287540014B8CA /* Release */,
			);
			defaultConfigurationIsVisible = 0;
			defaultConfigurationName = Release;
		};
/* End XCConfigurationList section */

/* Begin XCRemoteSwiftPackageReference section */
		D3420CA2278289730014B8CA /* XCRemoteSwiftPackageReference "SnapKit" */ = {
			isa = XCRemoteSwiftPackageReference;
			repositoryURL = "https://github.com/SnapKit/SnapKit.git";
			requirement = {
				kind = upToNextMajorVersion;
				minimumVersion = 5.0.0;
			};
		};
		D3420CC72783E8DC0014B8CA /* XCRemoteSwiftPackageReference "RxSwift" */ = {
			isa = XCRemoteSwiftPackageReference;
			repositoryURL = "https://github.com/ReactiveX/RxSwift.git";
			requirement = {
				kind = upToNextMajorVersion;
				minimumVersion = 6.0.0;
			};
		};
		D3420CCC278417380014B8CA /* XCRemoteSwiftPackageReference "RxAlamofire" */ = {
			isa = XCRemoteSwiftPackageReference;
			repositoryURL = "https://github.com/RxSwiftCommunity/RxAlamofire.git";
			requirement = {
				kind = exactVersion;
				version = 6.1.0;
			};
		};
/* End XCRemoteSwiftPackageReference section */

/* Begin XCSwiftPackageProductDependency section */
		D3420CA3278289730014B8CA /* SnapKit */ = {
			isa = XCSwiftPackageProductDependency;
			package = D3420CA2278289730014B8CA /* XCRemoteSwiftPackageReference "SnapKit" */;
			productName = SnapKit;
		};
		D3420CC82783E8DC0014B8CA /* RxCocoa */ = {
			isa = XCSwiftPackageProductDependency;
			package = D3420CC72783E8DC0014B8CA /* XCRemoteSwiftPackageReference "RxSwift" */;
			productName = RxCocoa;
		};
		D3420CCA2783E8DC0014B8CA /* RxSwift */ = {
			isa = XCSwiftPackageProductDependency;
			package = D3420CC72783E8DC0014B8CA /* XCRemoteSwiftPackageReference "RxSwift" */;
			productName = RxSwift;
		};
		D3420CCD278417390014B8CA /* RxAlamofire */ = {
			isa = XCSwiftPackageProductDependency;
			package = D3420CCC278417380014B8CA /* XCRemoteSwiftPackageReference "RxAlamofire" */;
			productName = RxAlamofire;
		};
/* End XCSwiftPackageProductDependency section */
	};
	rootObject = D3420C7E278287510014B8CA /* Project object */;
}
