// !$*UTF8*$!
{
	archiveVersion = 1;
	classes = {
	};
	objectVersion = 55;
	objects = {

/* Begin PBXBuildFile section */
		D3164CDE271E4AA300944FF2 /* MainCollectionViewController.swift in Sources */ = {isa = PBXBuildFile; fileRef = D3164CDD271E4AA300944FF2 /* MainCollectionViewController.swift */; };
		D3164CE4271E4B6100944FF2 /* MainCollectionViewCell.swift in Sources */ = {isa = PBXBuildFile; fileRef = D3164CE2271E4B6100944FF2 /* MainCollectionViewCell.swift */; };
		D3164CE5271E4B6100944FF2 /* MainCollectionViewCell.xib in Resources */ = {isa = PBXBuildFile; fileRef = D3164CE3271E4B6100944FF2 /* MainCollectionViewCell.xib */; };
		D3164CE9271E538D00944FF2 /* TagCollectionViewCell.swift in Sources */ = {isa = PBXBuildFile; fileRef = D3164CE7271E538D00944FF2 /* TagCollectionViewCell.swift */; };
		D3164CEA271E538D00944FF2 /* TagCollectionViewCell.xib in Resources */ = {isa = PBXBuildFile; fileRef = D3164CE8271E538D00944FF2 /* TagCollectionViewCell.xib */; };
		D3164CEC271E662300944FF2 /* WebViewController.swift in Sources */ = {isa = PBXBuildFile; fileRef = D3164CEB271E662300944FF2 /* WebViewController.swift */; };
		D3164CFB271FAC8A00944FF2 /* LocationViewController.swift in Sources */ = {isa = PBXBuildFile; fileRef = D3164CFA271FAC8A00944FF2 /* LocationViewController.swift */; };
		D36B185B271CF76100FA1605 /* AppDelegate.swift in Sources */ = {isa = PBXBuildFile; fileRef = D36B185A271CF76100FA1605 /* AppDelegate.swift */; };
		D36B185D271CF76100FA1605 /* SceneDelegate.swift in Sources */ = {isa = PBXBuildFile; fileRef = D36B185C271CF76100FA1605 /* SceneDelegate.swift */; };
		D36B185F271CF76100FA1605 /* ViewController.swift in Sources */ = {isa = PBXBuildFile; fileRef = D36B185E271CF76100FA1605 /* ViewController.swift */; };
		D36B1862271CF76100FA1605 /* Main.storyboard in Resources */ = {isa = PBXBuildFile; fileRef = D36B1860271CF76100FA1605 /* Main.storyboard */; };
		D36B1864271CF76300FA1605 /* Assets.xcassets in Resources */ = {isa = PBXBuildFile; fileRef = D36B1863271CF76300FA1605 /* Assets.xcassets */; };
		D36B1867271CF76300FA1605 /* LaunchScreen.storyboard in Resources */ = {isa = PBXBuildFile; fileRef = D36B1865271CF76300FA1605 /* LaunchScreen.storyboard */; };
		D36B186F271CF88E00FA1605 /* Setting.storyboard in Resources */ = {isa = PBXBuildFile; fileRef = D36B186E271CF88E00FA1605 /* Setting.storyboard */; };
		D36B1871271CFAD000FA1605 /* SettingViewController.swift in Sources */ = {isa = PBXBuildFile; fileRef = D36B1870271CFAD000FA1605 /* SettingViewController.swift */; };
		D36B1874271CFB2500FA1605 /* DefaultTableViewCell.swift in Sources */ = {isa = PBXBuildFile; fileRef = D36B1872271CFB2500FA1605 /* DefaultTableViewCell.swift */; };
		D36B1875271CFB2500FA1605 /* DefaultTableViewCell.xib in Resources */ = {isa = PBXBuildFile; fileRef = D36B1873271CFB2500FA1605 /* DefaultTableViewCell.xib */; };
/* End PBXBuildFile section */

/* Begin PBXFileReference section */
		D3164CDD271E4AA300944FF2 /* MainCollectionViewController.swift */ = {isa = PBXFileReference; lastKnownFileType = sourcecode.swift; path = MainCollectionViewController.swift; sourceTree = "<group>"; };
		D3164CE2271E4B6100944FF2 /* MainCollectionViewCell.swift */ = {isa = PBXFileReference; lastKnownFileType = sourcecode.swift; path = MainCollectionViewCell.swift; sourceTree = "<group>"; };
		D3164CE3271E4B6100944FF2 /* MainCollectionViewCell.xib */ = {isa = PBXFileReference; lastKnownFileType = file.xib; path = MainCollectionViewCell.xib; sourceTree = "<group>"; };
		D3164CE7271E538D00944FF2 /* TagCollectionViewCell.swift */ = {isa = PBXFileReference; lastKnownFileType = sourcecode.swift; path = TagCollectionViewCell.swift; sourceTree = "<group>"; };
		D3164CE8271E538D00944FF2 /* TagCollectionViewCell.xib */ = {isa = PBXFileReference; lastKnownFileType = file.xib; path = TagCollectionViewCell.xib; sourceTree = "<group>"; };
		D3164CEB271E662300944FF2 /* WebViewController.swift */ = {isa = PBXFileReference; lastKnownFileType = sourcecode.swift; path = WebViewController.swift; sourceTree = "<group>"; };
		D3164CFA271FAC8A00944FF2 /* LocationViewController.swift */ = {isa = PBXFileReference; lastKnownFileType = sourcecode.swift; path = LocationViewController.swift; sourceTree = "<group>"; };
		D36B1857271CF76100FA1605 /* SeSAC_04_Week.app */ = {isa = PBXFileReference; explicitFileType = wrapper.application; includeInIndex = 0; path = SeSAC_04_Week.app; sourceTree = BUILT_PRODUCTS_DIR; };
		D36B185A271CF76100FA1605 /* AppDelegate.swift */ = {isa = PBXFileReference; lastKnownFileType = sourcecode.swift; path = AppDelegate.swift; sourceTree = "<group>"; };
		D36B185C271CF76100FA1605 /* SceneDelegate.swift */ = {isa = PBXFileReference; lastKnownFileType = sourcecode.swift; path = SceneDelegate.swift; sourceTree = "<group>"; };
		D36B185E271CF76100FA1605 /* ViewController.swift */ = {isa = PBXFileReference; lastKnownFileType = sourcecode.swift; path = ViewController.swift; sourceTree = "<group>"; };
		D36B1861271CF76100FA1605 /* Base */ = {isa = PBXFileReference; lastKnownFileType = file.storyboard; name = Base; path = Base.lproj/Main.storyboard; sourceTree = "<group>"; };
		D36B1863271CF76300FA1605 /* Assets.xcassets */ = {isa = PBXFileReference; lastKnownFileType = folder.assetcatalog; path = Assets.xcassets; sourceTree = "<group>"; };
		D36B1866271CF76300FA1605 /* Base */ = {isa = PBXFileReference; lastKnownFileType = file.storyboard; name = Base; path = Base.lproj/LaunchScreen.storyboard; sourceTree = "<group>"; };
		D36B1868271CF76300FA1605 /* Info.plist */ = {isa = PBXFileReference; lastKnownFileType = text.plist.xml; path = Info.plist; sourceTree = "<group>"; };
		D36B186E271CF88E00FA1605 /* Setting.storyboard */ = {isa = PBXFileReference; lastKnownFileType = file.storyboard; path = Setting.storyboard; sourceTree = "<group>"; };
		D36B1870271CFAD000FA1605 /* SettingViewController.swift */ = {isa = PBXFileReference; lastKnownFileType = sourcecode.swift; path = SettingViewController.swift; sourceTree = "<group>"; };
		D36B1872271CFB2500FA1605 /* DefaultTableViewCell.swift */ = {isa = PBXFileReference; lastKnownFileType = sourcecode.swift; path = DefaultTableViewCell.swift; sourceTree = "<group>"; };
		D36B1873271CFB2500FA1605 /* DefaultTableViewCell.xib */ = {isa = PBXFileReference; lastKnownFileType = file.xib; path = DefaultTableViewCell.xib; sourceTree = "<group>"; };
/* End PBXFileReference section */

/* Begin PBXFrameworksBuildPhase section */
		D36B1854271CF76100FA1605 /* Frameworks */ = {
			isa = PBXFrameworksBuildPhase;
			buildActionMask = 2147483647;
			files = (
			);
			runOnlyForDeploymentPostprocessing = 0;
		};
/* End PBXFrameworksBuildPhase section */

/* Begin PBXGroup section */
		D3164CDF271E4AB300944FF2 /* SettingView */ = {
			isa = PBXGroup;
			children = (
				D36B186E271CF88E00FA1605 /* Setting.storyboard */,
				D36B1873271CFB2500FA1605 /* DefaultTableViewCell.xib */,
				D36B1872271CFB2500FA1605 /* DefaultTableViewCell.swift */,
				D36B1870271CFAD000FA1605 /* SettingViewController.swift */,
			);
			path = SettingView;
			sourceTree = "<group>";
		};
		D3164CE6271E4B6D00944FF2 /* MainSelectionView */ = {
			isa = PBXGroup;
			children = (
				D3164CDD271E4AA300944FF2 /* MainCollectionViewController.swift */,
				D3164CE2271E4B6100944FF2 /* MainCollectionViewCell.swift */,
				D3164CE3271E4B6100944FF2 /* MainCollectionViewCell.xib */,
				D3164CE7271E538D00944FF2 /* TagCollectionViewCell.swift */,
				D3164CE8271E538D00944FF2 /* TagCollectionViewCell.xib */,
			);
			path = MainSelectionView;
			sourceTree = "<group>";
		};
		D36B184E271CF76100FA1605 = {
			isa = PBXGroup;
			children = (
				D36B1859271CF76100FA1605 /* SeSAC_04_Week */,
				D36B1858271CF76100FA1605 /* Products */,
			);
			sourceTree = "<group>";
		};
		D36B1858271CF76100FA1605 /* Products */ = {
			isa = PBXGroup;
			children = (
				D36B1857271CF76100FA1605 /* SeSAC_04_Week.app */,
			);
			name = Products;
			sourceTree = "<group>";
		};
		D36B1859271CF76100FA1605 /* SeSAC_04_Week */ = {
			isa = PBXGroup;
			children = (
				D36B185A271CF76100FA1605 /* AppDelegate.swift */,
				D36B185C271CF76100FA1605 /* SceneDelegate.swift */,
				D36B185E271CF76100FA1605 /* ViewController.swift */,
				D36B1860271CF76100FA1605 /* Main.storyboard */,
				D3164CFA271FAC8A00944FF2 /* LocationViewController.swift */,
				D3164CEB271E662300944FF2 /* WebViewController.swift */,
				D3164CE6271E4B6D00944FF2 /* MainSelectionView */,
				D3164CDF271E4AB300944FF2 /* SettingView */,
				D36B1863271CF76300FA1605 /* Assets.xcassets */,
				D36B1865271CF76300FA1605 /* LaunchScreen.storyboard */,
				D36B1868271CF76300FA1605 /* Info.plist */,
			);
			path = SeSAC_04_Week;
			sourceTree = "<group>";
		};
/* End PBXGroup section */

/* Begin PBXNativeTarget section */
		D36B1856271CF76100FA1605 /* SeSAC_04_Week */ = {
			isa = PBXNativeTarget;
			buildConfigurationList = D36B186B271CF76300FA1605 /* Build configuration list for PBXNativeTarget "SeSAC_04_Week" */;
			buildPhases = (
				D36B1853271CF76100FA1605 /* Sources */,
				D36B1854271CF76100FA1605 /* Frameworks */,
				D36B1855271CF76100FA1605 /* Resources */,
			);
			buildRules = (
			);
			dependencies = (
			);
			name = SeSAC_04_Week;
			productName = SeSAC_04_Week;
			productReference = D36B1857271CF76100FA1605 /* SeSAC_04_Week.app */;
			productType = "com.apple.product-type.application";
		};
/* End PBXNativeTarget section */

/* Begin PBXProject section */
		D36B184F271CF76100FA1605 /* Project object */ = {
			isa = PBXProject;
			attributes = {
				BuildIndependentTargetsInParallel = 1;
				LastSwiftUpdateCheck = 1300;
				LastUpgradeCheck = 1300;
				TargetAttributes = {
					D36B1856271CF76100FA1605 = {
						CreatedOnToolsVersion = 13.0;
					};
				};
			};
			buildConfigurationList = D36B1852271CF76100FA1605 /* Build configuration list for PBXProject "SeSAC_04_Week" */;
			compatibilityVersion = "Xcode 13.0";
			developmentRegion = en;
			hasScannedForEncodings = 0;
			knownRegions = (
				en,
				Base,
			);
			mainGroup = D36B184E271CF76100FA1605;
			productRefGroup = D36B1858271CF76100FA1605 /* Products */;
			projectDirPath = "";
			projectRoot = "";
			targets = (
				D36B1856271CF76100FA1605 /* SeSAC_04_Week */,
			);
		};
/* End PBXProject section */

/* Begin PBXResourcesBuildPhase section */
		D36B1855271CF76100FA1605 /* Resources */ = {
			isa = PBXResourcesBuildPhase;
			buildActionMask = 2147483647;
			files = (
				D36B1867271CF76300FA1605 /* LaunchScreen.storyboard in Resources */,
				D3164CEA271E538D00944FF2 /* TagCollectionViewCell.xib in Resources */,
				D3164CE5271E4B6100944FF2 /* MainCollectionViewCell.xib in Resources */,
				D36B1864271CF76300FA1605 /* Assets.xcassets in Resources */,
				D36B1862271CF76100FA1605 /* Main.storyboard in Resources */,
				D36B1875271CFB2500FA1605 /* DefaultTableViewCell.xib in Resources */,
				D36B186F271CF88E00FA1605 /* Setting.storyboard in Resources */,
			);
			runOnlyForDeploymentPostprocessing = 0;
		};
/* End PBXResourcesBuildPhase section */

/* Begin PBXSourcesBuildPhase section */
		D36B1853271CF76100FA1605 /* Sources */ = {
			isa = PBXSourcesBuildPhase;
			buildActionMask = 2147483647;
			files = (
				D3164CE4271E4B6100944FF2 /* MainCollectionViewCell.swift in Sources */,
				D3164CEC271E662300944FF2 /* WebViewController.swift in Sources */,
				D3164CE9271E538D00944FF2 /* TagCollectionViewCell.swift in Sources */,
				D36B185F271CF76100FA1605 /* ViewController.swift in Sources */,
				D3164CDE271E4AA300944FF2 /* MainCollectionViewController.swift in Sources */,
				D3164CFB271FAC8A00944FF2 /* LocationViewController.swift in Sources */,
				D36B185B271CF76100FA1605 /* AppDelegate.swift in Sources */,
				D36B185D271CF76100FA1605 /* SceneDelegate.swift in Sources */,
				D36B1871271CFAD000FA1605 /* SettingViewController.swift in Sources */,
				D36B1874271CFB2500FA1605 /* DefaultTableViewCell.swift in Sources */,
			);
			runOnlyForDeploymentPostprocessing = 0;
		};
/* End PBXSourcesBuildPhase section */

/* Begin PBXVariantGroup section */
		D36B1860271CF76100FA1605 /* Main.storyboard */ = {
			isa = PBXVariantGroup;
			children = (
				D36B1861271CF76100FA1605 /* Base */,
			);
			name = Main.storyboard;
			sourceTree = "<group>";
		};
		D36B1865271CF76300FA1605 /* LaunchScreen.storyboard */ = {
			isa = PBXVariantGroup;
			children = (
				D36B1866271CF76300FA1605 /* Base */,
			);
			name = LaunchScreen.storyboard;
			sourceTree = "<group>";
		};
/* End PBXVariantGroup section */

/* Begin XCBuildConfiguration section */
		D36B1869271CF76300FA1605 /* Debug */ = {
			isa = XCBuildConfiguration;
			buildSettings = {
				ALWAYS_SEARCH_USER_PATHS = NO;
				CLANG_ANALYZER_NONNULL = YES;
				CLANG_ANALYZER_NUMBER_OBJECT_CONVERSION = YES_AGGRESSIVE;
				CLANG_CXX_LANGUAGE_STANDARD = "gnu++17";
				CLANG_CXX_LIBRARY = "libc++";
				CLANG_ENABLE_MODULES = YES;
				CLANG_ENABLE_OBJC_ARC = YES;
				CLANG_ENABLE_OBJC_WEAK = YES;
				CLANG_WARN_BLOCK_CAPTURE_AUTORELEASING = YES;
				CLANG_WARN_BOOL_CONVERSION = YES;
				CLANG_WARN_COMMA = YES;
				CLANG_WARN_CONSTANT_CONVERSION = YES;
				CLANG_WARN_DEPRECATED_OBJC_IMPLEMENTATIONS = YES;
				CLANG_WARN_DIRECT_OBJC_ISA_USAGE = YES_ERROR;
				CLANG_WARN_DOCUMENTATION_COMMENTS = YES;
				CLANG_WARN_EMPTY_BODY = YES;
				CLANG_WARN_ENUM_CONVERSION = YES;
				CLANG_WARN_INFINITE_RECURSION = YES;
				CLANG_WARN_INT_CONVERSION = YES;
				CLANG_WARN_NON_LITERAL_NULL_CONVERSION = YES;
				CLANG_WARN_OBJC_IMPLICIT_RETAIN_SELF = YES;
				CLANG_WARN_OBJC_LITERAL_CONVERSION = YES;
				CLANG_WARN_OBJC_ROOT_CLASS = YES_ERROR;
				CLANG_WARN_QUOTED_INCLUDE_IN_FRAMEWORK_HEADER = YES;
				CLANG_WARN_RANGE_LOOP_ANALYSIS = YES;
				CLANG_WARN_STRICT_PROTOTYPES = YES;
				CLANG_WARN_SUSPICIOUS_MOVE = YES;
				CLANG_WARN_UNGUARDED_AVAILABILITY = YES_AGGRESSIVE;
				CLANG_WARN_UNREACHABLE_CODE = YES;
				CLANG_WARN__DUPLICATE_METHOD_MATCH = YES;
				COPY_PHASE_STRIP = NO;
				DEBUG_INFORMATION_FORMAT = dwarf;
				ENABLE_STRICT_OBJC_MSGSEND = YES;
				ENABLE_TESTABILITY = YES;
				GCC_C_LANGUAGE_STANDARD = gnu11;
				GCC_DYNAMIC_NO_PIC = NO;
				GCC_NO_COMMON_BLOCKS = YES;
				GCC_OPTIMIZATION_LEVEL = 0;
				GCC_PREPROCESSOR_DEFINITIONS = (
					"DEBUG=1",
					"$(inherited)",
				);
				GCC_WARN_64_TO_32_BIT_CONVERSION = YES;
				GCC_WARN_ABOUT_RETURN_TYPE = YES_ERROR;
				GCC_WARN_UNDECLARED_SELECTOR = YES;
				GCC_WARN_UNINITIALIZED_AUTOS = YES_AGGRESSIVE;
				GCC_WARN_UNUSED_FUNCTION = YES;
				GCC_WARN_UNUSED_VARIABLE = YES;
				IPHONEOS_DEPLOYMENT_TARGET = 15.0;
				MTL_ENABLE_DEBUG_INFO = INCLUDE_SOURCE;
				MTL_FAST_MATH = YES;
				ONLY_ACTIVE_ARCH = YES;
				SDKROOT = iphoneos;
				SWIFT_ACTIVE_COMPILATION_CONDITIONS = DEBUG;
				SWIFT_OPTIMIZATION_LEVEL = "-Onone";
			};
			name = Debug;
		};
		D36B186A271CF76300FA1605 /* Release */ = {
			isa = XCBuildConfiguration;
			buildSettings = {
				ALWAYS_SEARCH_USER_PATHS = NO;
				CLANG_ANALYZER_NONNULL = YES;
				CLANG_ANALYZER_NUMBER_OBJECT_CONVERSION = YES_AGGRESSIVE;
				CLANG_CXX_LANGUAGE_STANDARD = "gnu++17";
				CLANG_CXX_LIBRARY = "libc++";
				CLANG_ENABLE_MODULES = YES;
				CLANG_ENABLE_OBJC_ARC = YES;
				CLANG_ENABLE_OBJC_WEAK = YES;
				CLANG_WARN_BLOCK_CAPTURE_AUTORELEASING = YES;
				CLANG_WARN_BOOL_CONVERSION = YES;
				CLANG_WARN_COMMA = YES;
				CLANG_WARN_CONSTANT_CONVERSION = YES;
				CLANG_WARN_DEPRECATED_OBJC_IMPLEMENTATIONS = YES;
				CLANG_WARN_DIRECT_OBJC_ISA_USAGE = YES_ERROR;
				CLANG_WARN_DOCUMENTATION_COMMENTS = YES;
				CLANG_WARN_EMPTY_BODY = YES;
				CLANG_WARN_ENUM_CONVERSION = YES;
				CLANG_WARN_INFINITE_RECURSION = YES;
				CLANG_WARN_INT_CONVERSION = YES;
				CLANG_WARN_NON_LITERAL_NULL_CONVERSION = YES;
				CLANG_WARN_OBJC_IMPLICIT_RETAIN_SELF = YES;
				CLANG_WARN_OBJC_LITERAL_CONVERSION = YES;
				CLANG_WARN_OBJC_ROOT_CLASS = YES_ERROR;
				CLANG_WARN_QUOTED_INCLUDE_IN_FRAMEWORK_HEADER = YES;
				CLANG_WARN_RANGE_LOOP_ANALYSIS = YES;
				CLANG_WARN_STRICT_PROTOTYPES = YES;
				CLANG_WARN_SUSPICIOUS_MOVE = YES;
				CLANG_WARN_UNGUARDED_AVAILABILITY = YES_AGGRESSIVE;
				CLANG_WARN_UNREACHABLE_CODE = YES;
				CLANG_WARN__DUPLICATE_METHOD_MATCH = YES;
				COPY_PHASE_STRIP = NO;
				DEBUG_INFORMATION_FORMAT = "dwarf-with-dsym";
				ENABLE_NS_ASSERTIONS = NO;
				ENABLE_STRICT_OBJC_MSGSEND = YES;
				GCC_C_LANGUAGE_STANDARD = gnu11;
				GCC_NO_COMMON_BLOCKS = YES;
				GCC_WARN_64_TO_32_BIT_CONVERSION = YES;
				GCC_WARN_ABOUT_RETURN_TYPE = YES_ERROR;
				GCC_WARN_UNDECLARED_SELECTOR = YES;
				GCC_WARN_UNINITIALIZED_AUTOS = YES_AGGRESSIVE;
				GCC_WARN_UNUSED_FUNCTION = YES;
				GCC_WARN_UNUSED_VARIABLE = YES;
				IPHONEOS_DEPLOYMENT_TARGET = 15.0;
				MTL_ENABLE_DEBUG_INFO = NO;
				MTL_FAST_MATH = YES;
				SDKROOT = iphoneos;
				SWIFT_COMPILATION_MODE = wholemodule;
				SWIFT_OPTIMIZATION_LEVEL = "-O";
				VALIDATE_PRODUCT = YES;
			};
			name = Release;
		};
		D36B186C271CF76300FA1605 /* Debug */ = {
			isa = XCBuildConfiguration;
			buildSettings = {
				ASSETCATALOG_COMPILER_APPICON_NAME = AppIcon;
				ASSETCATALOG_COMPILER_GLOBAL_ACCENT_COLOR_NAME = AccentColor;
				CODE_SIGN_STYLE = Automatic;
				CURRENT_PROJECT_VERSION = 1;
				DEVELOPMENT_TEAM = 9XD488YM8C;
				GENERATE_INFOPLIST_FILE = YES;
				INFOPLIST_FILE = SeSAC_04_Week/Info.plist;
				INFOPLIST_KEY_UIApplicationSupportsIndirectInputEvents = YES;
				INFOPLIST_KEY_UILaunchStoryboardName = LaunchScreen;
				INFOPLIST_KEY_UIMainStoryboardFile = Main;
				INFOPLIST_KEY_UISupportedInterfaceOrientations_iPad = "UIInterfaceOrientationPortrait UIInterfaceOrientationPortraitUpsideDown UIInterfaceOrientationLandscapeLeft UIInterfaceOrientationLandscapeRight";
				INFOPLIST_KEY_UISupportedInterfaceOrientations_iPhone = "UIInterfaceOrientationPortrait UIInterfaceOrientationLandscapeLeft UIInterfaceOrientationLandscapeRight";
				IPHONEOS_DEPLOYMENT_TARGET = 12.0;
				LD_RUNPATH_SEARCH_PATHS = (
					"$(inherited)",
					"@executable_path/Frameworks",
				);
				MARKETING_VERSION = 1.0;
				PRODUCT_BUNDLE_IDENTIFIER = "com.ssac.SeSAC-04-Week";
				PRODUCT_NAME = "$(TARGET_NAME)";
				SWIFT_EMIT_LOC_STRINGS = YES;
				SWIFT_VERSION = 5.0;
				TARGETED_DEVICE_FAMILY = 1;
			};
			name = Debug;
		};
		D36B186D271CF76300FA1605 /* Release */ = {
			isa = XCBuildConfiguration;
			buildSettings = {
				ASSETCATALOG_COMPILER_APPICON_NAME = AppIcon;
				ASSETCATALOG_COMPILER_GLOBAL_ACCENT_COLOR_NAME = AccentColor;
				CODE_SIGN_STYLE = Automatic;
				CURRENT_PROJECT_VERSION = 1;
				DEVELOPMENT_TEAM = 9XD488YM8C;
				GENERATE_INFOPLIST_FILE = YES;
				INFOPLIST_FILE = SeSAC_04_Week/Info.plist;
				INFOPLIST_KEY_UIApplicationSupportsIndirectInputEvents = YES;
				INFOPLIST_KEY_UILaunchStoryboardName = LaunchScreen;
				INFOPLIST_KEY_UIMainStoryboardFile = Main;
				INFOPLIST_KEY_UISupportedInterfaceOrientations_iPad = "UIInterfaceOrientationPortrait UIInterfaceOrientationPortraitUpsideDown UIInterfaceOrientationLandscapeLeft UIInterfaceOrientationLandscapeRight";
				INFOPLIST_KEY_UISupportedInterfaceOrientations_iPhone = "UIInterfaceOrientationPortrait UIInterfaceOrientationLandscapeLeft UIInterfaceOrientationLandscapeRight";
				IPHONEOS_DEPLOYMENT_TARGET = 12.0;
				LD_RUNPATH_SEARCH_PATHS = (
					"$(inherited)",
					"@executable_path/Frameworks",
				);
				MARKETING_VERSION = 1.0;
				PRODUCT_BUNDLE_IDENTIFIER = "com.ssac.SeSAC-04-Week";
				PRODUCT_NAME = "$(TARGET_NAME)";
				SWIFT_EMIT_LOC_STRINGS = YES;
				SWIFT_VERSION = 5.0;
				TARGETED_DEVICE_FAMILY = 1;
			};
			name = Release;
		};
/* End XCBuildConfiguration section */

/* Begin XCConfigurationList section */
		D36B1852271CF76100FA1605 /* Build configuration list for PBXProject "SeSAC_04_Week" */ = {
			isa = XCConfigurationList;
			buildConfigurations = (
				D36B1869271CF76300FA1605 /* Debug */,
				D36B186A271CF76300FA1605 /* Release */,
			);
			defaultConfigurationIsVisible = 0;
			defaultConfigurationName = Release;
		};
		D36B186B271CF76300FA1605 /* Build configuration list for PBXNativeTarget "SeSAC_04_Week" */ = {
			isa = XCConfigurationList;
			buildConfigurations = (
				D36B186C271CF76300FA1605 /* Debug */,
				D36B186D271CF76300FA1605 /* Release */,
			);
			defaultConfigurationIsVisible = 0;
			defaultConfigurationName = Release;
		};
/* End XCConfigurationList section */
	};
	rootObject = D36B184F271CF76100FA1605 /* Project object */;
}
