// !$*UTF8*$!
{
	archiveVersion = 1;
	classes = {
	};
	objectVersion = 55;
	objects = {

/* Begin PBXBuildFile section */
		D3164CD5271DA74000944FF2 /* MoviePreviewTableViewCell.swift in Sources */ = {isa = PBXBuildFile; fileRef = D3164CD3271DA74000944FF2 /* MoviePreviewTableViewCell.swift */; };
		D3164CD6271DA74000944FF2 /* MoviePreviewTableViewCell.xib in Resources */ = {isa = PBXBuildFile; fileRef = D3164CD4271DA74000944FF2 /* MoviePreviewTableViewCell.xib */; };
		D3164CD8271DAC5100944FF2 /* PopUpViewViewController.swift in Sources */ = {isa = PBXBuildFile; fileRef = D3164CD7271DAC5100944FF2 /* PopUpViewViewController.swift */; };
		D3164CDA271DB9D900944FF2 /* DetailView.storyboard in Resources */ = {isa = PBXBuildFile; fileRef = D3164CD9271DB9D900944FF2 /* DetailView.storyboard */; };
		D3164CDC271DBE9600944FF2 /* SearchView.storyboard in Resources */ = {isa = PBXBuildFile; fileRef = D3164CDB271DBE9600944FF2 /* SearchView.storyboard */; };
		D3638CE0271B3EBD00CB58EC /* AppDelegate.swift in Sources */ = {isa = PBXBuildFile; fileRef = D3638CDF271B3EBD00CB58EC /* AppDelegate.swift */; };
		D3638CE2271B3EBD00CB58EC /* SceneDelegate.swift in Sources */ = {isa = PBXBuildFile; fileRef = D3638CE1271B3EBD00CB58EC /* SceneDelegate.swift */; };
		D3638CE4271B3EBD00CB58EC /* ViewController.swift in Sources */ = {isa = PBXBuildFile; fileRef = D3638CE3271B3EBD00CB58EC /* ViewController.swift */; };
		D3638CE7271B3EBD00CB58EC /* Main.storyboard in Resources */ = {isa = PBXBuildFile; fileRef = D3638CE5271B3EBD00CB58EC /* Main.storyboard */; };
		D3638CE9271B3EBF00CB58EC /* Assets.xcassets in Resources */ = {isa = PBXBuildFile; fileRef = D3638CE8271B3EBF00CB58EC /* Assets.xcassets */; };
		D3638CEC271B3EBF00CB58EC /* LaunchScreen.storyboard in Resources */ = {isa = PBXBuildFile; fileRef = D3638CEA271B3EBF00CB58EC /* LaunchScreen.storyboard */; };
		D3638CF4271B402400CB58EC /* HomeViewController.swift in Sources */ = {isa = PBXBuildFile; fileRef = D3638CF3271B402400CB58EC /* HomeViewController.swift */; };
		D36B184A271C791700FA1605 /* SearchViewController.swift in Sources */ = {isa = PBXBuildFile; fileRef = D36B1849271C791700FA1605 /* SearchViewController.swift */; };
		D36B184D271C7AAE00FA1605 /* MovieInformationTableViewCell.swift in Sources */ = {isa = PBXBuildFile; fileRef = D36B184C271C7AAE00FA1605 /* MovieInformationTableViewCell.swift */; };
		D3D2B1C0271B40CB004D1680 /* Sample.swift in Sources */ = {isa = PBXBuildFile; fileRef = D3D2B1BF271B40CB004D1680 /* Sample.swift */; };
		D3D2B1C2271B4105004D1680 /* TvShow.swift in Sources */ = {isa = PBXBuildFile; fileRef = D3D2B1C1271B4105004D1680 /* TvShow.swift */; };
		D3D2B1C4271B5A0D004D1680 /* PreviewTableViewCell.swift in Sources */ = {isa = PBXBuildFile; fileRef = D3D2B1C3271B5A0D004D1680 /* PreviewTableViewCell.swift */; };
		D3D2B1C6271BCD20004D1680 /* MovieDetailViewController.swift in Sources */ = {isa = PBXBuildFile; fileRef = D3D2B1C5271BCD20004D1680 /* MovieDetailViewController.swift */; };
		D3D2B1C9271C70DD004D1680 /* UserInformationTableViewCell.swift in Sources */ = {isa = PBXBuildFile; fileRef = D3D2B1C8271C70DD004D1680 /* UserInformationTableViewCell.swift */; };
/* End PBXBuildFile section */

/* Begin PBXFileReference section */
		D3164CD3271DA74000944FF2 /* MoviePreviewTableViewCell.swift */ = {isa = PBXFileReference; lastKnownFileType = sourcecode.swift; path = MoviePreviewTableViewCell.swift; sourceTree = "<group>"; };
		D3164CD4271DA74000944FF2 /* MoviePreviewTableViewCell.xib */ = {isa = PBXFileReference; lastKnownFileType = file.xib; path = MoviePreviewTableViewCell.xib; sourceTree = "<group>"; };
		D3164CD7271DAC5100944FF2 /* PopUpViewViewController.swift */ = {isa = PBXFileReference; lastKnownFileType = sourcecode.swift; name = PopUpViewViewController.swift; path = TrendMedia/PopUpViewViewController.swift; sourceTree = SOURCE_ROOT; };
		D3164CD9271DB9D900944FF2 /* DetailView.storyboard */ = {isa = PBXFileReference; lastKnownFileType = file.storyboard; path = DetailView.storyboard; sourceTree = "<group>"; };
		D3164CDB271DBE9600944FF2 /* SearchView.storyboard */ = {isa = PBXFileReference; lastKnownFileType = file.storyboard; path = SearchView.storyboard; sourceTree = "<group>"; };
		D3638CDC271B3EBD00CB58EC /* TrendMedia.app */ = {isa = PBXFileReference; explicitFileType = wrapper.application; includeInIndex = 0; path = TrendMedia.app; sourceTree = BUILT_PRODUCTS_DIR; };
		D3638CDF271B3EBD00CB58EC /* AppDelegate.swift */ = {isa = PBXFileReference; lastKnownFileType = sourcecode.swift; path = AppDelegate.swift; sourceTree = "<group>"; };
		D3638CE1271B3EBD00CB58EC /* SceneDelegate.swift */ = {isa = PBXFileReference; lastKnownFileType = sourcecode.swift; path = SceneDelegate.swift; sourceTree = "<group>"; };
		D3638CE3271B3EBD00CB58EC /* ViewController.swift */ = {isa = PBXFileReference; lastKnownFileType = sourcecode.swift; path = ViewController.swift; sourceTree = "<group>"; };
		D3638CE6271B3EBD00CB58EC /* Base */ = {isa = PBXFileReference; lastKnownFileType = file.storyboard; name = Base; path = Base.lproj/Main.storyboard; sourceTree = "<group>"; };
		D3638CE8271B3EBF00CB58EC /* Assets.xcassets */ = {isa = PBXFileReference; lastKnownFileType = folder.assetcatalog; path = Assets.xcassets; sourceTree = "<group>"; };
		D3638CEB271B3EBF00CB58EC /* Base */ = {isa = PBXFileReference; lastKnownFileType = file.storyboard; name = Base; path = Base.lproj/LaunchScreen.storyboard; sourceTree = "<group>"; };
		D3638CED271B3EBF00CB58EC /* Info.plist */ = {isa = PBXFileReference; lastKnownFileType = text.plist.xml; path = Info.plist; sourceTree = "<group>"; };
		D3638CF3271B402400CB58EC /* HomeViewController.swift */ = {isa = PBXFileReference; lastKnownFileType = sourcecode.swift; path = HomeViewController.swift; sourceTree = "<group>"; };
		D36B1849271C791700FA1605 /* SearchViewController.swift */ = {isa = PBXFileReference; lastKnownFileType = sourcecode.swift; path = SearchViewController.swift; sourceTree = "<group>"; };
		D36B184C271C7AAE00FA1605 /* MovieInformationTableViewCell.swift */ = {isa = PBXFileReference; lastKnownFileType = sourcecode.swift; path = MovieInformationTableViewCell.swift; sourceTree = "<group>"; };
		D3D2B1BF271B40CB004D1680 /* Sample.swift */ = {isa = PBXFileReference; lastKnownFileType = sourcecode.swift; path = Sample.swift; sourceTree = "<group>"; };
		D3D2B1C1271B4105004D1680 /* TvShow.swift */ = {isa = PBXFileReference; lastKnownFileType = sourcecode.swift; path = TvShow.swift; sourceTree = "<group>"; };
		D3D2B1C3271B5A0D004D1680 /* PreviewTableViewCell.swift */ = {isa = PBXFileReference; lastKnownFileType = sourcecode.swift; path = PreviewTableViewCell.swift; sourceTree = "<group>"; };
		D3D2B1C5271BCD20004D1680 /* MovieDetailViewController.swift */ = {isa = PBXFileReference; lastKnownFileType = sourcecode.swift; path = MovieDetailViewController.swift; sourceTree = "<group>"; };
		D3D2B1C8271C70DD004D1680 /* UserInformationTableViewCell.swift */ = {isa = PBXFileReference; lastKnownFileType = sourcecode.swift; path = UserInformationTableViewCell.swift; sourceTree = "<group>"; };
/* End PBXFileReference section */

/* Begin PBXFrameworksBuildPhase section */
		D3638CD9271B3EBD00CB58EC /* Frameworks */ = {
			isa = PBXFrameworksBuildPhase;
			buildActionMask = 2147483647;
			files = (
			);
			runOnlyForDeploymentPostprocessing = 0;
		};
/* End PBXFrameworksBuildPhase section */

/* Begin PBXGroup section */
		D3638CD3271B3EBD00CB58EC = {
			isa = PBXGroup;
			children = (
				D3638CDE271B3EBD00CB58EC /* TrendMedia */,
				D3638CDD271B3EBD00CB58EC /* Products */,
			);
			sourceTree = "<group>";
		};
		D3638CDD271B3EBD00CB58EC /* Products */ = {
			isa = PBXGroup;
			children = (
				D3638CDC271B3EBD00CB58EC /* TrendMedia.app */,
			);
			name = Products;
			sourceTree = "<group>";
		};
		D3638CDE271B3EBD00CB58EC /* TrendMedia */ = {
			isa = PBXGroup;
			children = (
				D3638CDF271B3EBD00CB58EC /* AppDelegate.swift */,
				D3638CE1271B3EBD00CB58EC /* SceneDelegate.swift */,
				D3638CE3271B3EBD00CB58EC /* ViewController.swift */,
				D3D2B1BF271B40CB004D1680 /* Sample.swift */,
				D3D2B1C1271B4105004D1680 /* TvShow.swift */,
				D3638CE5271B3EBD00CB58EC /* Main.storyboard */,
				D3164CD7271DAC5100944FF2 /* PopUpViewViewController.swift */,
				D3D2B1BE271B409A004D1680 /* HomeViewController */,
				D3D2B1C7271BCD45004D1680 /* DetailViewController */,
				D36B184B271C791B00FA1605 /* SearchViewController */,
				D3638CE8271B3EBF00CB58EC /* Assets.xcassets */,
				D3638CEA271B3EBF00CB58EC /* LaunchScreen.storyboard */,
				D3638CED271B3EBF00CB58EC /* Info.plist */,
			);
			path = TrendMedia;
			sourceTree = "<group>";
		};
		D36B184B271C791B00FA1605 /* SearchViewController */ = {
			isa = PBXGroup;
			children = (
				D36B1849271C791700FA1605 /* SearchViewController.swift */,
				D36B184C271C7AAE00FA1605 /* MovieInformationTableViewCell.swift */,
				D3164CDB271DBE9600944FF2 /* SearchView.storyboard */,
			);
			path = SearchViewController;
			sourceTree = "<group>";
		};
		D3D2B1BE271B409A004D1680 /* HomeViewController */ = {
			isa = PBXGroup;
			children = (
				D3638CF3271B402400CB58EC /* HomeViewController.swift */,
				D3164CD3271DA74000944FF2 /* MoviePreviewTableViewCell.swift */,
				D3164CD4271DA74000944FF2 /* MoviePreviewTableViewCell.xib */,
				D3D2B1C3271B5A0D004D1680 /* PreviewTableViewCell.swift */,
			);
			path = HomeViewController;
			sourceTree = "<group>";
		};
		D3D2B1C7271BCD45004D1680 /* DetailViewController */ = {
			isa = PBXGroup;
			children = (
				D3164CD9271DB9D900944FF2 /* DetailView.storyboard */,
				D3D2B1C5271BCD20004D1680 /* MovieDetailViewController.swift */,
				D3D2B1C8271C70DD004D1680 /* UserInformationTableViewCell.swift */,
			);
			path = DetailViewController;
			sourceTree = "<group>";
		};
/* End PBXGroup section */

/* Begin PBXNativeTarget section */
		D3638CDB271B3EBD00CB58EC /* TrendMedia */ = {
			isa = PBXNativeTarget;
			buildConfigurationList = D3638CF0271B3EBF00CB58EC /* Build configuration list for PBXNativeTarget "TrendMedia" */;
			buildPhases = (
				D3638CD8271B3EBD00CB58EC /* Sources */,
				D3638CD9271B3EBD00CB58EC /* Frameworks */,
				D3638CDA271B3EBD00CB58EC /* Resources */,
			);
			buildRules = (
			);
			dependencies = (
			);
			name = TrendMedia;
			productName = TrendMedia;
			productReference = D3638CDC271B3EBD00CB58EC /* TrendMedia.app */;
			productType = "com.apple.product-type.application";
		};
/* End PBXNativeTarget section */

/* Begin PBXProject section */
		D3638CD4271B3EBD00CB58EC /* Project object */ = {
			isa = PBXProject;
			attributes = {
				BuildIndependentTargetsInParallel = 1;
				LastSwiftUpdateCheck = 1300;
				LastUpgradeCheck = 1300;
				TargetAttributes = {
					D3638CDB271B3EBD00CB58EC = {
						CreatedOnToolsVersion = 13.0;
					};
				};
			};
			buildConfigurationList = D3638CD7271B3EBD00CB58EC /* Build configuration list for PBXProject "TrendMedia" */;
			compatibilityVersion = "Xcode 13.0";
			developmentRegion = en;
			hasScannedForEncodings = 0;
			knownRegions = (
				en,
				Base,
			);
			mainGroup = D3638CD3271B3EBD00CB58EC;
			productRefGroup = D3638CDD271B3EBD00CB58EC /* Products */;
			projectDirPath = "";
			projectRoot = "";
			targets = (
				D3638CDB271B3EBD00CB58EC /* TrendMedia */,
			);
		};
/* End PBXProject section */

/* Begin PBXResourcesBuildPhase section */
		D3638CDA271B3EBD00CB58EC /* Resources */ = {
			isa = PBXResourcesBuildPhase;
			buildActionMask = 2147483647;
			files = (
				D3638CEC271B3EBF00CB58EC /* LaunchScreen.storyboard in Resources */,
				D3164CDC271DBE9600944FF2 /* SearchView.storyboard in Resources */,
				D3638CE9271B3EBF00CB58EC /* Assets.xcassets in Resources */,
				D3638CE7271B3EBD00CB58EC /* Main.storyboard in Resources */,
				D3164CDA271DB9D900944FF2 /* DetailView.storyboard in Resources */,
				D3164CD6271DA74000944FF2 /* MoviePreviewTableViewCell.xib in Resources */,
			);
			runOnlyForDeploymentPostprocessing = 0;
		};
/* End PBXResourcesBuildPhase section */

/* Begin PBXSourcesBuildPhase section */
		D3638CD8271B3EBD00CB58EC /* Sources */ = {
			isa = PBXSourcesBuildPhase;
			buildActionMask = 2147483647;
			files = (
				D36B184A271C791700FA1605 /* SearchViewController.swift in Sources */,
				D3D2B1C2271B4105004D1680 /* TvShow.swift in Sources */,
				D3D2B1C4271B5A0D004D1680 /* PreviewTableViewCell.swift in Sources */,
				D3164CD5271DA74000944FF2 /* MoviePreviewTableViewCell.swift in Sources */,
				D3D2B1C0271B40CB004D1680 /* Sample.swift in Sources */,
				D3638CE4271B3EBD00CB58EC /* ViewController.swift in Sources */,
				D3D2B1C9271C70DD004D1680 /* UserInformationTableViewCell.swift in Sources */,
				D3D2B1C6271BCD20004D1680 /* MovieDetailViewController.swift in Sources */,
				D3638CE0271B3EBD00CB58EC /* AppDelegate.swift in Sources */,
				D3638CE2271B3EBD00CB58EC /* SceneDelegate.swift in Sources */,
				D3164CD8271DAC5100944FF2 /* PopUpViewViewController.swift in Sources */,
				D3638CF4271B402400CB58EC /* HomeViewController.swift in Sources */,
				D36B184D271C7AAE00FA1605 /* MovieInformationTableViewCell.swift in Sources */,
			);
			runOnlyForDeploymentPostprocessing = 0;
		};
/* End PBXSourcesBuildPhase section */

/* Begin PBXVariantGroup section */
		D3638CE5271B3EBD00CB58EC /* Main.storyboard */ = {
			isa = PBXVariantGroup;
			children = (
				D3638CE6271B3EBD00CB58EC /* Base */,
			);
			name = Main.storyboard;
			sourceTree = "<group>";
		};
		D3638CEA271B3EBF00CB58EC /* LaunchScreen.storyboard */ = {
			isa = PBXVariantGroup;
			children = (
				D3638CEB271B3EBF00CB58EC /* Base */,
			);
			name = LaunchScreen.storyboard;
			sourceTree = "<group>";
		};
/* End PBXVariantGroup section */

/* Begin XCBuildConfiguration section */
		D3638CEE271B3EBF00CB58EC /* Debug */ = {
			isa = XCBuildConfiguration;
			buildSettings = {
				ALWAYS_SEARCH_USER_PATHS = NO;
				CLANG_ANALYZER_NONNULL = YES;
				CLANG_ANALYZER_NUMBER_OBJECT_CONVERSION = YES_AGGRESSIVE;
				CLANG_CXX_LANGUAGE_STANDARD = "gnu++17";
				CLANG_CXX_LIBRARY = "libc++";
				CLANG_ENABLE_MODULES = YES;
				CLANG_ENABLE_OBJC_ARC = YES;
				CLANG_ENABLE_OBJC_WEAK = YES;
				CLANG_WARN_BLOCK_CAPTURE_AUTORELEASING = YES;
				CLANG_WARN_BOOL_CONVERSION = YES;
				CLANG_WARN_COMMA = YES;
				CLANG_WARN_CONSTANT_CONVERSION = YES;
				CLANG_WARN_DEPRECATED_OBJC_IMPLEMENTATIONS = YES;
				CLANG_WARN_DIRECT_OBJC_ISA_USAGE = YES_ERROR;
				CLANG_WARN_DOCUMENTATION_COMMENTS = YES;
				CLANG_WARN_EMPTY_BODY = YES;
				CLANG_WARN_ENUM_CONVERSION = YES;
				CLANG_WARN_INFINITE_RECURSION = YES;
				CLANG_WARN_INT_CONVERSION = YES;
				CLANG_WARN_NON_LITERAL_NULL_CONVERSION = YES;
				CLANG_WARN_OBJC_IMPLICIT_RETAIN_SELF = YES;
				CLANG_WARN_OBJC_LITERAL_CONVERSION = YES;
				CLANG_WARN_OBJC_ROOT_CLASS = YES_ERROR;
				CLANG_WARN_QUOTED_INCLUDE_IN_FRAMEWORK_HEADER = YES;
				CLANG_WARN_RANGE_LOOP_ANALYSIS = YES;
				CLANG_WARN_STRICT_PROTOTYPES = YES;
				CLANG_WARN_SUSPICIOUS_MOVE = YES;
				CLANG_WARN_UNGUARDED_AVAILABILITY = YES_AGGRESSIVE;
				CLANG_WARN_UNREACHABLE_CODE = YES;
				CLANG_WARN__DUPLICATE_METHOD_MATCH = YES;
				COPY_PHASE_STRIP = NO;
				DEBUG_INFORMATION_FORMAT = dwarf;
				ENABLE_STRICT_OBJC_MSGSEND = YES;
				ENABLE_TESTABILITY = YES;
				GCC_C_LANGUAGE_STANDARD = gnu11;
				GCC_DYNAMIC_NO_PIC = NO;
				GCC_NO_COMMON_BLOCKS = YES;
				GCC_OPTIMIZATION_LEVEL = 0;
				GCC_PREPROCESSOR_DEFINITIONS = (
					"DEBUG=1",
					"$(inherited)",
				);
				GCC_WARN_64_TO_32_BIT_CONVERSION = YES;
				GCC_WARN_ABOUT_RETURN_TYPE = YES_ERROR;
				GCC_WARN_UNDECLARED_SELECTOR = YES;
				GCC_WARN_UNINITIALIZED_AUTOS = YES_AGGRESSIVE;
				GCC_WARN_UNUSED_FUNCTION = YES;
				GCC_WARN_UNUSED_VARIABLE = YES;
				IPHONEOS_DEPLOYMENT_TARGET = 15.0;
				MTL_ENABLE_DEBUG_INFO = INCLUDE_SOURCE;
				MTL_FAST_MATH = YES;
				ONLY_ACTIVE_ARCH = YES;
				SDKROOT = iphoneos;
				SWIFT_ACTIVE_COMPILATION_CONDITIONS = DEBUG;
				SWIFT_OPTIMIZATION_LEVEL = "-Onone";
			};
			name = Debug;
		};
		D3638CEF271B3EBF00CB58EC /* Release */ = {
			isa = XCBuildConfiguration;
			buildSettings = {
				ALWAYS_SEARCH_USER_PATHS = NO;
				CLANG_ANALYZER_NONNULL = YES;
				CLANG_ANALYZER_NUMBER_OBJECT_CONVERSION = YES_AGGRESSIVE;
				CLANG_CXX_LANGUAGE_STANDARD = "gnu++17";
				CLANG_CXX_LIBRARY = "libc++";
				CLANG_ENABLE_MODULES = YES;
				CLANG_ENABLE_OBJC_ARC = YES;
				CLANG_ENABLE_OBJC_WEAK = YES;
				CLANG_WARN_BLOCK_CAPTURE_AUTORELEASING = YES;
				CLANG_WARN_BOOL_CONVERSION = YES;
				CLANG_WARN_COMMA = YES;
				CLANG_WARN_CONSTANT_CONVERSION = YES;
				CLANG_WARN_DEPRECATED_OBJC_IMPLEMENTATIONS = YES;
				CLANG_WARN_DIRECT_OBJC_ISA_USAGE = YES_ERROR;
				CLANG_WARN_DOCUMENTATION_COMMENTS = YES;
				CLANG_WARN_EMPTY_BODY = YES;
				CLANG_WARN_ENUM_CONVERSION = YES;
				CLANG_WARN_INFINITE_RECURSION = YES;
				CLANG_WARN_INT_CONVERSION = YES;
				CLANG_WARN_NON_LITERAL_NULL_CONVERSION = YES;
				CLANG_WARN_OBJC_IMPLICIT_RETAIN_SELF = YES;
				CLANG_WARN_OBJC_LITERAL_CONVERSION = YES;
				CLANG_WARN_OBJC_ROOT_CLASS = YES_ERROR;
				CLANG_WARN_QUOTED_INCLUDE_IN_FRAMEWORK_HEADER = YES;
				CLANG_WARN_RANGE_LOOP_ANALYSIS = YES;
				CLANG_WARN_STRICT_PROTOTYPES = YES;
				CLANG_WARN_SUSPICIOUS_MOVE = YES;
				CLANG_WARN_UNGUARDED_AVAILABILITY = YES_AGGRESSIVE;
				CLANG_WARN_UNREACHABLE_CODE = YES;
				CLANG_WARN__DUPLICATE_METHOD_MATCH = YES;
				COPY_PHASE_STRIP = NO;
				DEBUG_INFORMATION_FORMAT = "dwarf-with-dsym";
				ENABLE_NS_ASSERTIONS = NO;
				ENABLE_STRICT_OBJC_MSGSEND = YES;
				GCC_C_LANGUAGE_STANDARD = gnu11;
				GCC_NO_COMMON_BLOCKS = YES;
				GCC_WARN_64_TO_32_BIT_CONVERSION = YES;
				GCC_WARN_ABOUT_RETURN_TYPE = YES_ERROR;
				GCC_WARN_UNDECLARED_SELECTOR = YES;
				GCC_WARN_UNINITIALIZED_AUTOS = YES_AGGRESSIVE;
				GCC_WARN_UNUSED_FUNCTION = YES;
				GCC_WARN_UNUSED_VARIABLE = YES;
				IPHONEOS_DEPLOYMENT_TARGET = 15.0;
				MTL_ENABLE_DEBUG_INFO = NO;
				MTL_FAST_MATH = YES;
				SDKROOT = iphoneos;
				SWIFT_COMPILATION_MODE = wholemodule;
				SWIFT_OPTIMIZATION_LEVEL = "-O";
				VALIDATE_PRODUCT = YES;
			};
			name = Release;
		};
		D3638CF1271B3EBF00CB58EC /* Debug */ = {
			isa = XCBuildConfiguration;
			buildSettings = {
				ASSETCATALOG_COMPILER_APPICON_NAME = AppIcon;
				ASSETCATALOG_COMPILER_GLOBAL_ACCENT_COLOR_NAME = AccentColor;
				CODE_SIGN_STYLE = Automatic;
				CURRENT_PROJECT_VERSION = 1;
				DEVELOPMENT_TEAM = 9XD488YM8C;
				GENERATE_INFOPLIST_FILE = YES;
				INFOPLIST_FILE = TrendMedia/Info.plist;
				INFOPLIST_KEY_UIApplicationSupportsIndirectInputEvents = YES;
				INFOPLIST_KEY_UILaunchStoryboardName = LaunchScreen;
				INFOPLIST_KEY_UIMainStoryboardFile = Main;
				INFOPLIST_KEY_UISupportedInterfaceOrientations_iPad = "UIInterfaceOrientationPortrait UIInterfaceOrientationPortraitUpsideDown UIInterfaceOrientationLandscapeLeft UIInterfaceOrientationLandscapeRight";
				INFOPLIST_KEY_UISupportedInterfaceOrientations_iPhone = "UIInterfaceOrientationPortrait UIInterfaceOrientationLandscapeLeft UIInterfaceOrientationLandscapeRight";
				IPHONEOS_DEPLOYMENT_TARGET = 12.0;
				LD_RUNPATH_SEARCH_PATHS = (
					"$(inherited)",
					"@executable_path/Frameworks",
				);
				MARKETING_VERSION = 1.0;
				PRODUCT_BUNDLE_IDENTIFIER = com.ssac.TrendMedia;
				PRODUCT_NAME = "$(TARGET_NAME)";
				SWIFT_EMIT_LOC_STRINGS = YES;
				SWIFT_VERSION = 5.0;
				TARGETED_DEVICE_FAMILY = 1;
			};
			name = Debug;
		};
		D3638CF2271B3EBF00CB58EC /* Release */ = {
			isa = XCBuildConfiguration;
			buildSettings = {
				ASSETCATALOG_COMPILER_APPICON_NAME = AppIcon;
				ASSETCATALOG_COMPILER_GLOBAL_ACCENT_COLOR_NAME = AccentColor;
				CODE_SIGN_STYLE = Automatic;
				CURRENT_PROJECT_VERSION = 1;
				DEVELOPMENT_TEAM = 9XD488YM8C;
				GENERATE_INFOPLIST_FILE = YES;
				INFOPLIST_FILE = TrendMedia/Info.plist;
				INFOPLIST_KEY_UIApplicationSupportsIndirectInputEvents = YES;
				INFOPLIST_KEY_UILaunchStoryboardName = LaunchScreen;
				INFOPLIST_KEY_UIMainStoryboardFile = Main;
				INFOPLIST_KEY_UISupportedInterfaceOrientations_iPad = "UIInterfaceOrientationPortrait UIInterfaceOrientationPortraitUpsideDown UIInterfaceOrientationLandscapeLeft UIInterfaceOrientationLandscapeRight";
				INFOPLIST_KEY_UISupportedInterfaceOrientations_iPhone = "UIInterfaceOrientationPortrait UIInterfaceOrientationLandscapeLeft UIInterfaceOrientationLandscapeRight";
				IPHONEOS_DEPLOYMENT_TARGET = 12.0;
				LD_RUNPATH_SEARCH_PATHS = (
					"$(inherited)",
					"@executable_path/Frameworks",
				);
				MARKETING_VERSION = 1.0;
				PRODUCT_BUNDLE_IDENTIFIER = com.ssac.TrendMedia;
				PRODUCT_NAME = "$(TARGET_NAME)";
				SWIFT_EMIT_LOC_STRINGS = YES;
				SWIFT_VERSION = 5.0;
				TARGETED_DEVICE_FAMILY = 1;
			};
			name = Release;
		};
/* End XCBuildConfiguration section */

/* Begin XCConfigurationList section */
		D3638CD7271B3EBD00CB58EC /* Build configuration list for PBXProject "TrendMedia" */ = {
			isa = XCConfigurationList;
			buildConfigurations = (
				D3638CEE271B3EBF00CB58EC /* Debug */,
				D3638CEF271B3EBF00CB58EC /* Release */,
			);
			defaultConfigurationIsVisible = 0;
			defaultConfigurationName = Release;
		};
		D3638CF0271B3EBF00CB58EC /* Build configuration list for PBXNativeTarget "TrendMedia" */ = {
			isa = XCConfigurationList;
			buildConfigurations = (
				D3638CF1271B3EBF00CB58EC /* Debug */,
				D3638CF2271B3EBF00CB58EC /* Release */,
			);
			defaultConfigurationIsVisible = 0;
			defaultConfigurationName = Release;
		};
/* End XCConfigurationList section */
	};
	rootObject = D3638CD4271B3EBD00CB58EC /* Project object */;
}
