// !$*UTF8*$!
{
	archiveVersion = 1;
	classes = {
	};
	objectVersion = 55;
	objects = {

/* Begin PBXBuildFile section */
		6EC143FB401027C6A88A613B /* Pods_SeSac_FirebaseTest.framework in Frameworks */ = {isa = PBXBuildFile; fileRef = 3AA5F1555E1465095C1B018E /* Pods_SeSac_FirebaseTest.framework */; };
		D358B31E275DA3E6006E4A4D /* AppDelegate.swift in Sources */ = {isa = PBXBuildFile; fileRef = D358B31D275DA3E6006E4A4D /* AppDelegate.swift */; };
		D358B320275DA3E6006E4A4D /* SceneDelegate.swift in Sources */ = {isa = PBXBuildFile; fileRef = D358B31F275DA3E6006E4A4D /* SceneDelegate.swift */; };
		D358B322275DA3E6006E4A4D /* ViewController.swift in Sources */ = {isa = PBXBuildFile; fileRef = D358B321275DA3E6006E4A4D /* ViewController.swift */; };
		D358B325275DA3E6006E4A4D /* Main.storyboard in Resources */ = {isa = PBXBuildFile; fileRef = D358B323275DA3E6006E4A4D /* Main.storyboard */; };
		D358B327275DA3E9006E4A4D /* Assets.xcassets in Resources */ = {isa = PBXBuildFile; fileRef = D358B326275DA3E9006E4A4D /* Assets.xcassets */; };
		D358B32A275DA3E9006E4A4D /* LaunchScreen.storyboard in Resources */ = {isa = PBXBuildFile; fileRef = D358B328275DA3E9006E4A4D /* LaunchScreen.storyboard */; };
		D358B332275DA441006E4A4D /* GoogleService-Info.plist in Resources */ = {isa = PBXBuildFile; fileRef = D358B331275DA441006E4A4D /* GoogleService-Info.plist */; };
/* End PBXBuildFile section */

/* Begin PBXFileReference section */
		3AA5F1555E1465095C1B018E /* Pods_SeSac_FirebaseTest.framework */ = {isa = PBXFileReference; explicitFileType = wrapper.framework; includeInIndex = 0; path = Pods_SeSac_FirebaseTest.framework; sourceTree = BUILT_PRODUCTS_DIR; };
		6E32D671D552B4288BD027CB /* Pods-SeSac_FirebaseTest.debug.xcconfig */ = {isa = PBXFileReference; includeInIndex = 1; lastKnownFileType = text.xcconfig; name = "Pods-SeSac_FirebaseTest.debug.xcconfig"; path = "Target Support Files/Pods-SeSac_FirebaseTest/Pods-SeSac_FirebaseTest.debug.xcconfig"; sourceTree = "<group>"; };
		D358B31A275DA3E6006E4A4D /* SeSac_FirebaseTest.app */ = {isa = PBXFileReference; explicitFileType = wrapper.application; includeInIndex = 0; path = SeSac_FirebaseTest.app; sourceTree = BUILT_PRODUCTS_DIR; };
		D358B31D275DA3E6006E4A4D /* AppDelegate.swift */ = {isa = PBXFileReference; lastKnownFileType = sourcecode.swift; path = AppDelegate.swift; sourceTree = "<group>"; };
		D358B31F275DA3E6006E4A4D /* SceneDelegate.swift */ = {isa = PBXFileReference; lastKnownFileType = sourcecode.swift; path = SceneDelegate.swift; sourceTree = "<group>"; };
		D358B321275DA3E6006E4A4D /* ViewController.swift */ = {isa = PBXFileReference; lastKnownFileType = sourcecode.swift; path = ViewController.swift; sourceTree = "<group>"; };
		D358B324275DA3E6006E4A4D /* Base */ = {isa = PBXFileReference; lastKnownFileType = file.storyboard; name = Base; path = Base.lproj/Main.storyboard; sourceTree = "<group>"; };
		D358B326275DA3E9006E4A4D /* Assets.xcassets */ = {isa = PBXFileReference; lastKnownFileType = folder.assetcatalog; path = Assets.xcassets; sourceTree = "<group>"; };
		D358B329275DA3E9006E4A4D /* Base */ = {isa = PBXFileReference; lastKnownFileType = file.storyboard; name = Base; path = Base.lproj/LaunchScreen.storyboard; sourceTree = "<group>"; };
		D358B32B275DA3E9006E4A4D /* Info.plist */ = {isa = PBXFileReference; lastKnownFileType = text.plist.xml; path = Info.plist; sourceTree = "<group>"; };
		D358B331275DA441006E4A4D /* GoogleService-Info.plist */ = {isa = PBXFileReference; fileEncoding = 4; lastKnownFileType = text.plist.xml; path = "GoogleService-Info.plist"; sourceTree = "<group>"; };
		EBA7886ACBA68F934673BD92 /* Pods-SeSac_FirebaseTest.release.xcconfig */ = {isa = PBXFileReference; includeInIndex = 1; lastKnownFileType = text.xcconfig; name = "Pods-SeSac_FirebaseTest.release.xcconfig"; path = "Target Support Files/Pods-SeSac_FirebaseTest/Pods-SeSac_FirebaseTest.release.xcconfig"; sourceTree = "<group>"; };
/* End PBXFileReference section */

/* Begin PBXFrameworksBuildPhase section */
		D358B317275DA3E6006E4A4D /* Frameworks */ = {
			isa = PBXFrameworksBuildPhase;
			buildActionMask = 2147483647;
			files = (
				6EC143FB401027C6A88A613B /* Pods_SeSac_FirebaseTest.framework in Frameworks */,
			);
			runOnlyForDeploymentPostprocessing = 0;
		};
/* End PBXFrameworksBuildPhase section */

/* Begin PBXGroup section */
		0B1418925BD3534F66379560 /* Pods */ = {
			isa = PBXGroup;
			children = (
				6E32D671D552B4288BD027CB /* Pods-SeSac_FirebaseTest.debug.xcconfig */,
				EBA7886ACBA68F934673BD92 /* Pods-SeSac_FirebaseTest.release.xcconfig */,
			);
			name = Pods;
			path = Pods;
			sourceTree = "<group>";
		};
		81E263BB08BB3211B42B7605 /* Frameworks */ = {
			isa = PBXGroup;
			children = (
				3AA5F1555E1465095C1B018E /* Pods_SeSac_FirebaseTest.framework */,
			);
			name = Frameworks;
			sourceTree = "<group>";
		};
		D358B311275DA3E6006E4A4D = {
			isa = PBXGroup;
			children = (
				D358B31C275DA3E6006E4A4D /* SeSac_FirebaseTest */,
				D358B31B275DA3E6006E4A4D /* Products */,
				0B1418925BD3534F66379560 /* Pods */,
				81E263BB08BB3211B42B7605 /* Frameworks */,
			);
			sourceTree = "<group>";
		};
		D358B31B275DA3E6006E4A4D /* Products */ = {
			isa = PBXGroup;
			children = (
				D358B31A275DA3E6006E4A4D /* SeSac_FirebaseTest.app */,
			);
			name = Products;
			sourceTree = "<group>";
		};
		D358B31C275DA3E6006E4A4D /* SeSac_FirebaseTest */ = {
			isa = PBXGroup;
			children = (
				D358B31D275DA3E6006E4A4D /* AppDelegate.swift */,
				D358B31F275DA3E6006E4A4D /* SceneDelegate.swift */,
				D358B321275DA3E6006E4A4D /* ViewController.swift */,
				D358B323275DA3E6006E4A4D /* Main.storyboard */,
				D358B326275DA3E9006E4A4D /* Assets.xcassets */,
				D358B328275DA3E9006E4A4D /* LaunchScreen.storyboard */,
				D358B32B275DA3E9006E4A4D /* Info.plist */,
				D358B331275DA441006E4A4D /* GoogleService-Info.plist */,
			);
			path = SeSac_FirebaseTest;
			sourceTree = "<group>";
		};
/* End PBXGroup section */

/* Begin PBXNativeTarget section */
		D358B319275DA3E6006E4A4D /* SeSac_FirebaseTest */ = {
			isa = PBXNativeTarget;
			buildConfigurationList = D358B32E275DA3E9006E4A4D /* Build configuration list for PBXNativeTarget "SeSac_FirebaseTest" */;
			buildPhases = (
				6B2665CF941635768B40AB85 /* [CP] Check Pods Manifest.lock */,
				D358B316275DA3E6006E4A4D /* Sources */,
				D358B317275DA3E6006E4A4D /* Frameworks */,
				D358B318275DA3E6006E4A4D /* Resources */,
				FEF33FC536AD5E0AA9C8A7C1 /* [CP] Embed Pods Frameworks */,
			);
			buildRules = (
			);
			dependencies = (
			);
			name = SeSac_FirebaseTest;
			productName = SeSac_FirebaseTest;
			productReference = D358B31A275DA3E6006E4A4D /* SeSac_FirebaseTest.app */;
			productType = "com.apple.product-type.application";
		};
/* End PBXNativeTarget section */

/* Begin PBXProject section */
		D358B312275DA3E6006E4A4D /* Project object */ = {
			isa = PBXProject;
			attributes = {
				BuildIndependentTargetsInParallel = 1;
				LastSwiftUpdateCheck = 1300;
				LastUpgradeCheck = 1300;
				TargetAttributes = {
					D358B319275DA3E6006E4A4D = {
						CreatedOnToolsVersion = 13.0;
					};
				};
			};
			buildConfigurationList = D358B315275DA3E6006E4A4D /* Build configuration list for PBXProject "SeSac_FirebaseTest" */;
			compatibilityVersion = "Xcode 13.0";
			developmentRegion = en;
			hasScannedForEncodings = 0;
			knownRegions = (
				en,
				Base,
			);
			mainGroup = D358B311275DA3E6006E4A4D;
			productRefGroup = D358B31B275DA3E6006E4A4D /* Products */;
			projectDirPath = "";
			projectRoot = "";
			targets = (
				D358B319275DA3E6006E4A4D /* SeSac_FirebaseTest */,
			);
		};
/* End PBXProject section */

/* Begin PBXResourcesBuildPhase section */
		D358B318275DA3E6006E4A4D /* Resources */ = {
			isa = PBXResourcesBuildPhase;
			buildActionMask = 2147483647;
			files = (
				D358B32A275DA3E9006E4A4D /* LaunchScreen.storyboard in Resources */,
				D358B332275DA441006E4A4D /* GoogleService-Info.plist in Resources */,
				D358B327275DA3E9006E4A4D /* Assets.xcassets in Resources */,
				D358B325275DA3E6006E4A4D /* Main.storyboard in Resources */,
			);
			runOnlyForDeploymentPostprocessing = 0;
		};
/* End PBXResourcesBuildPhase section */

/* Begin PBXShellScriptBuildPhase section */
		6B2665CF941635768B40AB85 /* [CP] Check Pods Manifest.lock */ = {
			isa = PBXShellScriptBuildPhase;
			buildActionMask = 2147483647;
			files = (
			);
			inputFileListPaths = (
			);
			inputPaths = (
				"${PODS_PODFILE_DIR_PATH}/Podfile.lock",
				"${PODS_ROOT}/Manifest.lock",
			);
			name = "[CP] Check Pods Manifest.lock";
			outputFileListPaths = (
			);
			outputPaths = (
				"$(DERIVED_FILE_DIR)/Pods-SeSac_FirebaseTest-checkManifestLockResult.txt",
			);
			runOnlyForDeploymentPostprocessing = 0;
			shellPath = /bin/sh;
			shellScript = "diff \"${PODS_PODFILE_DIR_PATH}/Podfile.lock\" \"${PODS_ROOT}/Manifest.lock\" > /dev/null\nif [ $? != 0 ] ; then\n    # print error to STDERR\n    echo \"error: The sandbox is not in sync with the Podfile.lock. Run 'pod install' or update your CocoaPods installation.\" >&2\n    exit 1\nfi\n# This output is used by Xcode 'outputs' to avoid re-running this script phase.\necho \"SUCCESS\" > \"${SCRIPT_OUTPUT_FILE_0}\"\n";
			showEnvVarsInLog = 0;
		};
		FEF33FC536AD5E0AA9C8A7C1 /* [CP] Embed Pods Frameworks */ = {
			isa = PBXShellScriptBuildPhase;
			buildActionMask = 2147483647;
			files = (
			);
			inputFileListPaths = (
				"${PODS_ROOT}/Target Support Files/Pods-SeSac_FirebaseTest/Pods-SeSac_FirebaseTest-frameworks-${CONFIGURATION}-input-files.xcfilelist",
			);
			name = "[CP] Embed Pods Frameworks";
			outputFileListPaths = (
				"${PODS_ROOT}/Target Support Files/Pods-SeSac_FirebaseTest/Pods-SeSac_FirebaseTest-frameworks-${CONFIGURATION}-output-files.xcfilelist",
			);
			runOnlyForDeploymentPostprocessing = 0;
			shellPath = /bin/sh;
			shellScript = "\"${PODS_ROOT}/Target Support Files/Pods-SeSac_FirebaseTest/Pods-SeSac_FirebaseTest-frameworks.sh\"\n";
			showEnvVarsInLog = 0;
		};
/* End PBXShellScriptBuildPhase section */

/* Begin PBXSourcesBuildPhase section */
		D358B316275DA3E6006E4A4D /* Sources */ = {
			isa = PBXSourcesBuildPhase;
			buildActionMask = 2147483647;
			files = (
				D358B322275DA3E6006E4A4D /* ViewController.swift in Sources */,
				D358B31E275DA3E6006E4A4D /* AppDelegate.swift in Sources */,
				D358B320275DA3E6006E4A4D /* SceneDelegate.swift in Sources */,
			);
			runOnlyForDeploymentPostprocessing = 0;
		};
/* End PBXSourcesBuildPhase section */

/* Begin PBXVariantGroup section */
		D358B323275DA3E6006E4A4D /* Main.storyboard */ = {
			isa = PBXVariantGroup;
			children = (
				D358B324275DA3E6006E4A4D /* Base */,
			);
			name = Main.storyboard;
			sourceTree = "<group>";
		};
		D358B328275DA3E9006E4A4D /* LaunchScreen.storyboard */ = {
			isa = PBXVariantGroup;
			children = (
				D358B329275DA3E9006E4A4D /* Base */,
			);
			name = LaunchScreen.storyboard;
			sourceTree = "<group>";
		};
/* End PBXVariantGroup section */

/* Begin XCBuildConfiguration section */
		D358B32C275DA3E9006E4A4D /* Debug */ = {
			isa = XCBuildConfiguration;
			buildSettings = {
				ALWAYS_SEARCH_USER_PATHS = NO;
				CLANG_ANALYZER_NONNULL = YES;
				CLANG_ANALYZER_NUMBER_OBJECT_CONVERSION = YES_AGGRESSIVE;
				CLANG_CXX_LANGUAGE_STANDARD = "gnu++17";
				CLANG_CXX_LIBRARY = "libc++";
				CLANG_ENABLE_MODULES = YES;
				CLANG_ENABLE_OBJC_ARC = YES;
				CLANG_ENABLE_OBJC_WEAK = YES;
				CLANG_WARN_BLOCK_CAPTURE_AUTORELEASING = YES;
				CLANG_WARN_BOOL_CONVERSION = YES;
				CLANG_WARN_COMMA = YES;
				CLANG_WARN_CONSTANT_CONVERSION = YES;
				CLANG_WARN_DEPRECATED_OBJC_IMPLEMENTATIONS = YES;
				CLANG_WARN_DIRECT_OBJC_ISA_USAGE = YES_ERROR;
				CLANG_WARN_DOCUMENTATION_COMMENTS = YES;
				CLANG_WARN_EMPTY_BODY = YES;
				CLANG_WARN_ENUM_CONVERSION = YES;
				CLANG_WARN_INFINITE_RECURSION = YES;
				CLANG_WARN_INT_CONVERSION = YES;
				CLANG_WARN_NON_LITERAL_NULL_CONVERSION = YES;
				CLANG_WARN_OBJC_IMPLICIT_RETAIN_SELF = YES;
				CLANG_WARN_OBJC_LITERAL_CONVERSION = YES;
				CLANG_WARN_OBJC_ROOT_CLASS = YES_ERROR;
				CLANG_WARN_QUOTED_INCLUDE_IN_FRAMEWORK_HEADER = YES;
				CLANG_WARN_RANGE_LOOP_ANALYSIS = YES;
				CLANG_WARN_STRICT_PROTOTYPES = YES;
				CLANG_WARN_SUSPICIOUS_MOVE = YES;
				CLANG_WARN_UNGUARDED_AVAILABILITY = YES_AGGRESSIVE;
				CLANG_WARN_UNREACHABLE_CODE = YES;
				CLANG_WARN__DUPLICATE_METHOD_MATCH = YES;
				COPY_PHASE_STRIP = NO;
				DEBUG_INFORMATION_FORMAT = dwarf;
				ENABLE_STRICT_OBJC_MSGSEND = YES;
				ENABLE_TESTABILITY = YES;
				GCC_C_LANGUAGE_STANDARD = gnu11;
				GCC_DYNAMIC_NO_PIC = NO;
				GCC_NO_COMMON_BLOCKS = YES;
				GCC_OPTIMIZATION_LEVEL = 0;
				GCC_PREPROCESSOR_DEFINITIONS = (
					"DEBUG=1",
					"$(inherited)",
				);
				GCC_WARN_64_TO_32_BIT_CONVERSION = YES;
				GCC_WARN_ABOUT_RETURN_TYPE = YES_ERROR;
				GCC_WARN_UNDECLARED_SELECTOR = YES;
				GCC_WARN_UNINITIALIZED_AUTOS = YES_AGGRESSIVE;
				GCC_WARN_UNUSED_FUNCTION = YES;
				GCC_WARN_UNUSED_VARIABLE = YES;
				IPHONEOS_DEPLOYMENT_TARGET = 15.0;
				MTL_ENABLE_DEBUG_INFO = INCLUDE_SOURCE;
				MTL_FAST_MATH = YES;
				ONLY_ACTIVE_ARCH = YES;
				SDKROOT = iphoneos;
				SWIFT_ACTIVE_COMPILATION_CONDITIONS = DEBUG;
				SWIFT_OPTIMIZATION_LEVEL = "-Onone";
			};
			name = Debug;
		};
		D358B32D275DA3E9006E4A4D /* Release */ = {
			isa = XCBuildConfiguration;
			buildSettings = {
				ALWAYS_SEARCH_USER_PATHS = NO;
				CLANG_ANALYZER_NONNULL = YES;
				CLANG_ANALYZER_NUMBER_OBJECT_CONVERSION = YES_AGGRESSIVE;
				CLANG_CXX_LANGUAGE_STANDARD = "gnu++17";
				CLANG_CXX_LIBRARY = "libc++";
				CLANG_ENABLE_MODULES = YES;
				CLANG_ENABLE_OBJC_ARC = YES;
				CLANG_ENABLE_OBJC_WEAK = YES;
				CLANG_WARN_BLOCK_CAPTURE_AUTORELEASING = YES;
				CLANG_WARN_BOOL_CONVERSION = YES;
				CLANG_WARN_COMMA = YES;
				CLANG_WARN_CONSTANT_CONVERSION = YES;
				CLANG_WARN_DEPRECATED_OBJC_IMPLEMENTATIONS = YES;
				CLANG_WARN_DIRECT_OBJC_ISA_USAGE = YES_ERROR;
				CLANG_WARN_DOCUMENTATION_COMMENTS = YES;
				CLANG_WARN_EMPTY_BODY = YES;
				CLANG_WARN_ENUM_CONVERSION = YES;
				CLANG_WARN_INFINITE_RECURSION = YES;
				CLANG_WARN_INT_CONVERSION = YES;
				CLANG_WARN_NON_LITERAL_NULL_CONVERSION = YES;
				CLANG_WARN_OBJC_IMPLICIT_RETAIN_SELF = YES;
				CLANG_WARN_OBJC_LITERAL_CONVERSION = YES;
				CLANG_WARN_OBJC_ROOT_CLASS = YES_ERROR;
				CLANG_WARN_QUOTED_INCLUDE_IN_FRAMEWORK_HEADER = YES;
				CLANG_WARN_RANGE_LOOP_ANALYSIS = YES;
				CLANG_WARN_STRICT_PROTOTYPES = YES;
				CLANG_WARN_SUSPICIOUS_MOVE = YES;
				CLANG_WARN_UNGUARDED_AVAILABILITY = YES_AGGRESSIVE;
				CLANG_WARN_UNREACHABLE_CODE = YES;
				CLANG_WARN__DUPLICATE_METHOD_MATCH = YES;
				COPY_PHASE_STRIP = NO;
				DEBUG_INFORMATION_FORMAT = "dwarf-with-dsym";
				ENABLE_NS_ASSERTIONS = NO;
				ENABLE_STRICT_OBJC_MSGSEND = YES;
				GCC_C_LANGUAGE_STANDARD = gnu11;
				GCC_NO_COMMON_BLOCKS = YES;
				GCC_WARN_64_TO_32_BIT_CONVERSION = YES;
				GCC_WARN_ABOUT_RETURN_TYPE = YES_ERROR;
				GCC_WARN_UNDECLARED_SELECTOR = YES;
				GCC_WARN_UNINITIALIZED_AUTOS = YES_AGGRESSIVE;
				GCC_WARN_UNUSED_FUNCTION = YES;
				GCC_WARN_UNUSED_VARIABLE = YES;
				IPHONEOS_DEPLOYMENT_TARGET = 15.0;
				MTL_ENABLE_DEBUG_INFO = NO;
				MTL_FAST_MATH = YES;
				SDKROOT = iphoneos;
				SWIFT_COMPILATION_MODE = wholemodule;
				SWIFT_OPTIMIZATION_LEVEL = "-O";
				VALIDATE_PRODUCT = YES;
			};
			name = Release;
		};
		D358B32F275DA3E9006E4A4D /* Debug */ = {
			isa = XCBuildConfiguration;
			baseConfigurationReference = 6E32D671D552B4288BD027CB /* Pods-SeSac_FirebaseTest.debug.xcconfig */;
			buildSettings = {
				ASSETCATALOG_COMPILER_APPICON_NAME = AppIcon;
				ASSETCATALOG_COMPILER_GLOBAL_ACCENT_COLOR_NAME = AccentColor;
				CODE_SIGN_STYLE = Automatic;
				CURRENT_PROJECT_VERSION = 1;
				DEVELOPMENT_TEAM = 9XD488YM8C;
				GENERATE_INFOPLIST_FILE = YES;
				INFOPLIST_FILE = SeSac_FirebaseTest/Info.plist;
				INFOPLIST_KEY_UIApplicationSupportsIndirectInputEvents = YES;
				INFOPLIST_KEY_UILaunchStoryboardName = LaunchScreen;
				INFOPLIST_KEY_UIMainStoryboardFile = Main;
				INFOPLIST_KEY_UISupportedInterfaceOrientations_iPad = "UIInterfaceOrientationPortrait UIInterfaceOrientationPortraitUpsideDown UIInterfaceOrientationLandscapeLeft UIInterfaceOrientationLandscapeRight";
				INFOPLIST_KEY_UISupportedInterfaceOrientations_iPhone = "UIInterfaceOrientationPortrait UIInterfaceOrientationLandscapeLeft UIInterfaceOrientationLandscapeRight";
				LD_RUNPATH_SEARCH_PATHS = (
					"$(inherited)",
					"@executable_path/Frameworks",
				);
				MARKETING_VERSION = 1.0;
				PRODUCT_BUNDLE_IDENTIFIER = "com.jerry.SeSac-FirebaseTest";
				PRODUCT_NAME = "$(TARGET_NAME)";
				SWIFT_EMIT_LOC_STRINGS = YES;
				SWIFT_VERSION = 5.0;
				TARGETED_DEVICE_FAMILY = "1,2";
			};
			name = Debug;
		};
		D358B330275DA3E9006E4A4D /* Release */ = {
			isa = XCBuildConfiguration;
			baseConfigurationReference = EBA7886ACBA68F934673BD92 /* Pods-SeSac_FirebaseTest.release.xcconfig */;
			buildSettings = {
				ASSETCATALOG_COMPILER_APPICON_NAME = AppIcon;
				ASSETCATALOG_COMPILER_GLOBAL_ACCENT_COLOR_NAME = AccentColor;
				CODE_SIGN_STYLE = Automatic;
				CURRENT_PROJECT_VERSION = 1;
				DEVELOPMENT_TEAM = 9XD488YM8C;
				GENERATE_INFOPLIST_FILE = YES;
				INFOPLIST_FILE = SeSac_FirebaseTest/Info.plist;
				INFOPLIST_KEY_UIApplicationSupportsIndirectInputEvents = YES;
				INFOPLIST_KEY_UILaunchStoryboardName = LaunchScreen;
				INFOPLIST_KEY_UIMainStoryboardFile = Main;
				INFOPLIST_KEY_UISupportedInterfaceOrientations_iPad = "UIInterfaceOrientationPortrait UIInterfaceOrientationPortraitUpsideDown UIInterfaceOrientationLandscapeLeft UIInterfaceOrientationLandscapeRight";
				INFOPLIST_KEY_UISupportedInterfaceOrientations_iPhone = "UIInterfaceOrientationPortrait UIInterfaceOrientationLandscapeLeft UIInterfaceOrientationLandscapeRight";
				LD_RUNPATH_SEARCH_PATHS = (
					"$(inherited)",
					"@executable_path/Frameworks",
				);
				MARKETING_VERSION = 1.0;
				PRODUCT_BUNDLE_IDENTIFIER = "com.jerry.SeSac-FirebaseTest";
				PRODUCT_NAME = "$(TARGET_NAME)";
				SWIFT_EMIT_LOC_STRINGS = YES;
				SWIFT_VERSION = 5.0;
				TARGETED_DEVICE_FAMILY = "1,2";
			};
			name = Release;
		};
/* End XCBuildConfiguration section */

/* Begin XCConfigurationList section */
		D358B315275DA3E6006E4A4D /* Build configuration list for PBXProject "SeSac_FirebaseTest" */ = {
			isa = XCConfigurationList;
			buildConfigurations = (
				D358B32C275DA3E9006E4A4D /* Debug */,
				D358B32D275DA3E9006E4A4D /* Release */,
			);
			defaultConfigurationIsVisible = 0;
			defaultConfigurationName = Release;
		};
		D358B32E275DA3E9006E4A4D /* Build configuration list for PBXNativeTarget "SeSac_FirebaseTest" */ = {
			isa = XCConfigurationList;
			buildConfigurations = (
				D358B32F275DA3E9006E4A4D /* Debug */,
				D358B330275DA3E9006E4A4D /* Release */,
			);
			defaultConfigurationIsVisible = 0;
			defaultConfigurationName = Release;
		};
/* End XCConfigurationList section */
	};
	rootObject = D358B312275DA3E6006E4A4D /* Project object */;
}
