// !$*UTF8*$!
{
	archiveVersion = 1;
	classes = {
	};
	objectVersion = 55;
	objects = {

/* Begin PBXBuildFile section */
		D3647956278BB1CF00B09C41 /* AppDelegate.swift in Sources */ = {isa = PBXBuildFile; fileRef = D3647955278BB1CF00B09C41 /* AppDelegate.swift */; };
		D3647958278BB1CF00B09C41 /* SceneDelegate.swift in Sources */ = {isa = PBXBuildFile; fileRef = D3647957278BB1CF00B09C41 /* SceneDelegate.swift */; };
		D364795A278BB1CF00B09C41 /* ViewController.swift in Sources */ = {isa = PBXBuildFile; fileRef = D3647959278BB1CF00B09C41 /* ViewController.swift */; };
		D364795D278BB1CF00B09C41 /* Main.storyboard in Resources */ = {isa = PBXBuildFile; fileRef = D364795B278BB1CF00B09C41 /* Main.storyboard */; };
		D364795F278BB1D100B09C41 /* Assets.xcassets in Resources */ = {isa = PBXBuildFile; fileRef = D364795E278BB1D100B09C41 /* Assets.xcassets */; };
		D3647962278BB1D100B09C41 /* LaunchScreen.storyboard in Resources */ = {isa = PBXBuildFile; fileRef = D3647960278BB1D100B09C41 /* LaunchScreen.storyboard */; };
		D364796A278BD29E00B09C41 /* SwizzingViewController.swift in Sources */ = {isa = PBXBuildFile; fileRef = D3647969278BD29E00B09C41 /* SwizzingViewController.swift */; };
		D3647992278E5C5000B09C41 /* ConcurrencyViewController.swift in Sources */ = {isa = PBXBuildFile; fileRef = D3647991278E5C5000B09C41 /* ConcurrencyViewController.swift */; };
		D3695857278FA87000924F5A /* ButtonViewController.swift in Sources */ = {isa = PBXBuildFile; fileRef = D3695856278FA87000924F5A /* ButtonViewController.swift */; };
		D3695859278FAE0400924F5A /* DetailViewController.swift in Sources */ = {isa = PBXBuildFile; fileRef = D3695858278FAE0400924F5A /* DetailViewController.swift */; };
		D369585B278FB6D100924F5A /* ChatViewController.swift in Sources */ = {isa = PBXBuildFile; fileRef = D369585A278FB6D100924F5A /* ChatViewController.swift */; };
		D3695866279058B200924F5A /* MyChatView.swift in Sources */ = {isa = PBXBuildFile; fileRef = D3695865279058B200924F5A /* MyChatView.swift */; };
		D3695868279058BE00924F5A /* OtherChatView.swift in Sources */ = {isa = PBXBuildFile; fileRef = D3695867279058BE00924F5A /* OtherChatView.swift */; };
		D369586B27905A2600924F5A /* SnapKit in Frameworks */ = {isa = PBXBuildFile; productRef = D369586A27905A2600924F5A /* SnapKit */; };
/* End PBXBuildFile section */

/* Begin PBXFileReference section */
		D3647952278BB1CF00B09C41 /* SeSACWeek16.app */ = {isa = PBXFileReference; explicitFileType = wrapper.application; includeInIndex = 0; path = SeSACWeek16.app; sourceTree = BUILT_PRODUCTS_DIR; };
		D3647955278BB1CF00B09C41 /* AppDelegate.swift */ = {isa = PBXFileReference; lastKnownFileType = sourcecode.swift; path = AppDelegate.swift; sourceTree = "<group>"; };
		D3647957278BB1CF00B09C41 /* SceneDelegate.swift */ = {isa = PBXFileReference; lastKnownFileType = sourcecode.swift; path = SceneDelegate.swift; sourceTree = "<group>"; };
		D3647959278BB1CF00B09C41 /* ViewController.swift */ = {isa = PBXFileReference; lastKnownFileType = sourcecode.swift; path = ViewController.swift; sourceTree = "<group>"; };
		D364795C278BB1CF00B09C41 /* Base */ = {isa = PBXFileReference; lastKnownFileType = file.storyboard; name = Base; path = Base.lproj/Main.storyboard; sourceTree = "<group>"; };
		D364795E278BB1D100B09C41 /* Assets.xcassets */ = {isa = PBXFileReference; lastKnownFileType = folder.assetcatalog; path = Assets.xcassets; sourceTree = "<group>"; };
		D3647961278BB1D100B09C41 /* Base */ = {isa = PBXFileReference; lastKnownFileType = file.storyboard; name = Base; path = Base.lproj/LaunchScreen.storyboard; sourceTree = "<group>"; };
		D3647963278BB1D100B09C41 /* Info.plist */ = {isa = PBXFileReference; lastKnownFileType = text.plist.xml; path = Info.plist; sourceTree = "<group>"; };
		D3647969278BD29E00B09C41 /* SwizzingViewController.swift */ = {isa = PBXFileReference; lastKnownFileType = sourcecode.swift; path = SwizzingViewController.swift; sourceTree = "<group>"; };
		D3647991278E5C5000B09C41 /* ConcurrencyViewController.swift */ = {isa = PBXFileReference; lastKnownFileType = sourcecode.swift; path = ConcurrencyViewController.swift; sourceTree = "<group>"; };
		D3695856278FA87000924F5A /* ButtonViewController.swift */ = {isa = PBXFileReference; lastKnownFileType = sourcecode.swift; path = ButtonViewController.swift; sourceTree = "<group>"; };
		D3695858278FAE0400924F5A /* DetailViewController.swift */ = {isa = PBXFileReference; lastKnownFileType = sourcecode.swift; path = DetailViewController.swift; sourceTree = "<group>"; };
		D369585A278FB6D100924F5A /* ChatViewController.swift */ = {isa = PBXFileReference; lastKnownFileType = sourcecode.swift; path = ChatViewController.swift; sourceTree = "<group>"; };
		D3695865279058B200924F5A /* MyChatView.swift */ = {isa = PBXFileReference; lastKnownFileType = sourcecode.swift; path = MyChatView.swift; sourceTree = "<group>"; };
		D3695867279058BE00924F5A /* OtherChatView.swift */ = {isa = PBXFileReference; lastKnownFileType = sourcecode.swift; path = OtherChatView.swift; sourceTree = "<group>"; };
/* End PBXFileReference section */

/* Begin PBXFrameworksBuildPhase section */
		D364794F278BB1CF00B09C41 /* Frameworks */ = {
			isa = PBXFrameworksBuildPhase;
			buildActionMask = 2147483647;
			files = (
				D369586B27905A2600924F5A /* SnapKit in Frameworks */,
			);
			runOnlyForDeploymentPostprocessing = 0;
		};
/* End PBXFrameworksBuildPhase section */

/* Begin PBXGroup section */
		D3647949278BB1CF00B09C41 = {
			isa = PBXGroup;
			children = (
				D3647954278BB1CF00B09C41 /* SeSACWeek16 */,
				D3647953278BB1CF00B09C41 /* Products */,
			);
			sourceTree = "<group>";
		};
		D3647953278BB1CF00B09C41 /* Products */ = {
			isa = PBXGroup;
			children = (
				D3647952278BB1CF00B09C41 /* SeSACWeek16.app */,
			);
			name = Products;
			sourceTree = "<group>";
		};
		D3647954278BB1CF00B09C41 /* SeSACWeek16 */ = {
			isa = PBXGroup;
			children = (
				D3695864279058A100924F5A /* ChatView */,
				D3647955278BB1CF00B09C41 /* AppDelegate.swift */,
				D3647957278BB1CF00B09C41 /* SceneDelegate.swift */,
				D3647959278BB1CF00B09C41 /* ViewController.swift */,
				D3647969278BD29E00B09C41 /* SwizzingViewController.swift */,
				D364795B278BB1CF00B09C41 /* Main.storyboard */,
				D3695856278FA87000924F5A /* ButtonViewController.swift */,
				D369585A278FB6D100924F5A /* ChatViewController.swift */,
				D3695858278FAE0400924F5A /* DetailViewController.swift */,
				D3647991278E5C5000B09C41 /* ConcurrencyViewController.swift */,
				D364795E278BB1D100B09C41 /* Assets.xcassets */,
				D3647960278BB1D100B09C41 /* LaunchScreen.storyboard */,
				D3647963278BB1D100B09C41 /* Info.plist */,
			);
			path = SeSACWeek16;
			sourceTree = "<group>";
		};
		D3695864279058A100924F5A /* ChatView */ = {
			isa = PBXGroup;
			children = (
				D3695865279058B200924F5A /* MyChatView.swift */,
				D3695867279058BE00924F5A /* OtherChatView.swift */,
			);
			path = ChatView;
			sourceTree = "<group>";
		};
/* End PBXGroup section */

/* Begin PBXNativeTarget section */
		D3647951278BB1CF00B09C41 /* SeSACWeek16 */ = {
			isa = PBXNativeTarget;
			buildConfigurationList = D3647966278BB1D100B09C41 /* Build configuration list for PBXNativeTarget "SeSACWeek16" */;
			buildPhases = (
				D364794E278BB1CF00B09C41 /* Sources */,
				D364794F278BB1CF00B09C41 /* Frameworks */,
				D3647950278BB1CF00B09C41 /* Resources */,
			);
			buildRules = (
			);
			dependencies = (
			);
			name = SeSACWeek16;
			packageProductDependencies = (
				D369586A27905A2600924F5A /* SnapKit */,
			);
			productName = SeSACWeek16;
			productReference = D3647952278BB1CF00B09C41 /* SeSACWeek16.app */;
			productType = "com.apple.product-type.application";
		};
/* End PBXNativeTarget section */

/* Begin PBXProject section */
		D364794A278BB1CF00B09C41 /* Project object */ = {
			isa = PBXProject;
			attributes = {
				BuildIndependentTargetsInParallel = 1;
				LastSwiftUpdateCheck = 1320;
				LastUpgradeCheck = 1320;
				TargetAttributes = {
					D3647951278BB1CF00B09C41 = {
						CreatedOnToolsVersion = 13.2.1;
					};
				};
			};
			buildConfigurationList = D364794D278BB1CF00B09C41 /* Build configuration list for PBXProject "SeSACWeek16" */;
			compatibilityVersion = "Xcode 13.0";
			developmentRegion = en;
			hasScannedForEncodings = 0;
			knownRegions = (
				en,
				Base,
			);
			mainGroup = D3647949278BB1CF00B09C41;
			packageReferences = (
				D369586927905A2600924F5A /* XCRemoteSwiftPackageReference "SnapKit" */,
			);
			productRefGroup = D3647953278BB1CF00B09C41 /* Products */;
			projectDirPath = "";
			projectRoot = "";
			targets = (
				D3647951278BB1CF00B09C41 /* SeSACWeek16 */,
			);
		};
/* End PBXProject section */

/* Begin PBXResourcesBuildPhase section */
		D3647950278BB1CF00B09C41 /* Resources */ = {
			isa = PBXResourcesBuildPhase;
			buildActionMask = 2147483647;
			files = (
				D3647962278BB1D100B09C41 /* LaunchScreen.storyboard in Resources */,
				D364795F278BB1D100B09C41 /* Assets.xcassets in Resources */,
				D364795D278BB1CF00B09C41 /* Main.storyboard in Resources */,
			);
			runOnlyForDeploymentPostprocessing = 0;
		};
/* End PBXResourcesBuildPhase section */

/* Begin PBXSourcesBuildPhase section */
		D364794E278BB1CF00B09C41 /* Sources */ = {
			isa = PBXSourcesBuildPhase;
			buildActionMask = 2147483647;
			files = (
				D3647992278E5C5000B09C41 /* ConcurrencyViewController.swift in Sources */,
				D364795A278BB1CF00B09C41 /* ViewController.swift in Sources */,
				D369585B278FB6D100924F5A /* ChatViewController.swift in Sources */,
				D3647956278BB1CF00B09C41 /* AppDelegate.swift in Sources */,
				D3647958278BB1CF00B09C41 /* SceneDelegate.swift in Sources */,
				D3695868279058BE00924F5A /* OtherChatView.swift in Sources */,
				D3695857278FA87000924F5A /* ButtonViewController.swift in Sources */,
				D3695866279058B200924F5A /* MyChatView.swift in Sources */,
				D364796A278BD29E00B09C41 /* SwizzingViewController.swift in Sources */,
				D3695859278FAE0400924F5A /* DetailViewController.swift in Sources */,
			);
			runOnlyForDeploymentPostprocessing = 0;
		};
/* End PBXSourcesBuildPhase section */

/* Begin PBXVariantGroup section */
		D364795B278BB1CF00B09C41 /* Main.storyboard */ = {
			isa = PBXVariantGroup;
			children = (
				D364795C278BB1CF00B09C41 /* Base */,
			);
			name = Main.storyboard;
			sourceTree = "<group>";
		};
		D3647960278BB1D100B09C41 /* LaunchScreen.storyboard */ = {
			isa = PBXVariantGroup;
			children = (
				D3647961278BB1D100B09C41 /* Base */,
			);
			name = LaunchScreen.storyboard;
			sourceTree = "<group>";
		};
/* End PBXVariantGroup section */

/* Begin XCBuildConfiguration section */
		D3647964278BB1D100B09C41 /* Debug */ = {
			isa = XCBuildConfiguration;
			buildSettings = {
				ALWAYS_SEARCH_USER_PATHS = NO;
				CLANG_ANALYZER_NONNULL = YES;
				CLANG_ANALYZER_NUMBER_OBJECT_CONVERSION = YES_AGGRESSIVE;
				CLANG_CXX_LANGUAGE_STANDARD = "gnu++17";
				CLANG_CXX_LIBRARY = "libc++";
				CLANG_ENABLE_MODULES = YES;
				CLANG_ENABLE_OBJC_ARC = YES;
				CLANG_ENABLE_OBJC_WEAK = YES;
				CLANG_WARN_BLOCK_CAPTURE_AUTORELEASING = YES;
				CLANG_WARN_BOOL_CONVERSION = YES;
				CLANG_WARN_COMMA = YES;
				CLANG_WARN_CONSTANT_CONVERSION = YES;
				CLANG_WARN_DEPRECATED_OBJC_IMPLEMENTATIONS = YES;
				CLANG_WARN_DIRECT_OBJC_ISA_USAGE = YES_ERROR;
				CLANG_WARN_DOCUMENTATION_COMMENTS = YES;
				CLANG_WARN_EMPTY_BODY = YES;
				CLANG_WARN_ENUM_CONVERSION = YES;
				CLANG_WARN_INFINITE_RECURSION = YES;
				CLANG_WARN_INT_CONVERSION = YES;
				CLANG_WARN_NON_LITERAL_NULL_CONVERSION = YES;
				CLANG_WARN_OBJC_IMPLICIT_RETAIN_SELF = YES;
				CLANG_WARN_OBJC_LITERAL_CONVERSION = YES;
				CLANG_WARN_OBJC_ROOT_CLASS = YES_ERROR;
				CLANG_WARN_QUOTED_INCLUDE_IN_FRAMEWORK_HEADER = YES;
				CLANG_WARN_RANGE_LOOP_ANALYSIS = YES;
				CLANG_WARN_STRICT_PROTOTYPES = YES;
				CLANG_WARN_SUSPICIOUS_MOVE = YES;
				CLANG_WARN_UNGUARDED_AVAILABILITY = YES_AGGRESSIVE;
				CLANG_WARN_UNREACHABLE_CODE = YES;
				CLANG_WARN__DUPLICATE_METHOD_MATCH = YES;
				COPY_PHASE_STRIP = NO;
				DEBUG_INFORMATION_FORMAT = dwarf;
				ENABLE_STRICT_OBJC_MSGSEND = YES;
				ENABLE_TESTABILITY = YES;
				GCC_C_LANGUAGE_STANDARD = gnu11;
				GCC_DYNAMIC_NO_PIC = NO;
				GCC_NO_COMMON_BLOCKS = YES;
				GCC_OPTIMIZATION_LEVEL = 0;
				GCC_PREPROCESSOR_DEFINITIONS = (
					"DEBUG=1",
					"$(inherited)",
				);
				GCC_WARN_64_TO_32_BIT_CONVERSION = YES;
				GCC_WARN_ABOUT_RETURN_TYPE = YES_ERROR;
				GCC_WARN_UNDECLARED_SELECTOR = YES;
				GCC_WARN_UNINITIALIZED_AUTOS = YES_AGGRESSIVE;
				GCC_WARN_UNUSED_FUNCTION = YES;
				GCC_WARN_UNUSED_VARIABLE = YES;
				IPHONEOS_DEPLOYMENT_TARGET = 15.2;
				MTL_ENABLE_DEBUG_INFO = INCLUDE_SOURCE;
				MTL_FAST_MATH = YES;
				ONLY_ACTIVE_ARCH = YES;
				SDKROOT = iphoneos;
				SWIFT_ACTIVE_COMPILATION_CONDITIONS = DEBUG;
				SWIFT_OPTIMIZATION_LEVEL = "-Onone";
			};
			name = Debug;
		};
		D3647965278BB1D100B09C41 /* Release */ = {
			isa = XCBuildConfiguration;
			buildSettings = {
				ALWAYS_SEARCH_USER_PATHS = NO;
				CLANG_ANALYZER_NONNULL = YES;
				CLANG_ANALYZER_NUMBER_OBJECT_CONVERSION = YES_AGGRESSIVE;
				CLANG_CXX_LANGUAGE_STANDARD = "gnu++17";
				CLANG_CXX_LIBRARY = "libc++";
				CLANG_ENABLE_MODULES = YES;
				CLANG_ENABLE_OBJC_ARC = YES;
				CLANG_ENABLE_OBJC_WEAK = YES;
				CLANG_WARN_BLOCK_CAPTURE_AUTORELEASING = YES;
				CLANG_WARN_BOOL_CONVERSION = YES;
				CLANG_WARN_COMMA = YES;
				CLANG_WARN_CONSTANT_CONVERSION = YES;
				CLANG_WARN_DEPRECATED_OBJC_IMPLEMENTATIONS = YES;
				CLANG_WARN_DIRECT_OBJC_ISA_USAGE = YES_ERROR;
				CLANG_WARN_DOCUMENTATION_COMMENTS = YES;
				CLANG_WARN_EMPTY_BODY = YES;
				CLANG_WARN_ENUM_CONVERSION = YES;
				CLANG_WARN_INFINITE_RECURSION = YES;
				CLANG_WARN_INT_CONVERSION = YES;
				CLANG_WARN_NON_LITERAL_NULL_CONVERSION = YES;
				CLANG_WARN_OBJC_IMPLICIT_RETAIN_SELF = YES;
				CLANG_WARN_OBJC_LITERAL_CONVERSION = YES;
				CLANG_WARN_OBJC_ROOT_CLASS = YES_ERROR;
				CLANG_WARN_QUOTED_INCLUDE_IN_FRAMEWORK_HEADER = YES;
				CLANG_WARN_RANGE_LOOP_ANALYSIS = YES;
				CLANG_WARN_STRICT_PROTOTYPES = YES;
				CLANG_WARN_SUSPICIOUS_MOVE = YES;
				CLANG_WARN_UNGUARDED_AVAILABILITY = YES_AGGRESSIVE;
				CLANG_WARN_UNREACHABLE_CODE = YES;
				CLANG_WARN__DUPLICATE_METHOD_MATCH = YES;
				COPY_PHASE_STRIP = NO;
				DEBUG_INFORMATION_FORMAT = "dwarf-with-dsym";
				ENABLE_NS_ASSERTIONS = NO;
				ENABLE_STRICT_OBJC_MSGSEND = YES;
				GCC_C_LANGUAGE_STANDARD = gnu11;
				GCC_NO_COMMON_BLOCKS = YES;
				GCC_WARN_64_TO_32_BIT_CONVERSION = YES;
				GCC_WARN_ABOUT_RETURN_TYPE = YES_ERROR;
				GCC_WARN_UNDECLARED_SELECTOR = YES;
				GCC_WARN_UNINITIALIZED_AUTOS = YES_AGGRESSIVE;
				GCC_WARN_UNUSED_FUNCTION = YES;
				GCC_WARN_UNUSED_VARIABLE = YES;
				IPHONEOS_DEPLOYMENT_TARGET = 15.2;
				MTL_ENABLE_DEBUG_INFO = NO;
				MTL_FAST_MATH = YES;
				SDKROOT = iphoneos;
				SWIFT_COMPILATION_MODE = wholemodule;
				SWIFT_OPTIMIZATION_LEVEL = "-O";
				VALIDATE_PRODUCT = YES;
			};
			name = Release;
		};
		D3647967278BB1D100B09C41 /* Debug */ = {
			isa = XCBuildConfiguration;
			buildSettings = {
				ASSETCATALOG_COMPILER_APPICON_NAME = AppIcon;
				ASSETCATALOG_COMPILER_GLOBAL_ACCENT_COLOR_NAME = AccentColor;
				CODE_SIGN_STYLE = Automatic;
				CURRENT_PROJECT_VERSION = 1;
				DEVELOPMENT_TEAM = 9XD488YM8C;
				GENERATE_INFOPLIST_FILE = YES;
				INFOPLIST_FILE = SeSACWeek16/Info.plist;
				INFOPLIST_KEY_UIApplicationSupportsIndirectInputEvents = YES;
				INFOPLIST_KEY_UILaunchStoryboardName = LaunchScreen;
				INFOPLIST_KEY_UIMainStoryboardFile = Main;
				INFOPLIST_KEY_UISupportedInterfaceOrientations_iPad = "UIInterfaceOrientationPortrait UIInterfaceOrientationPortraitUpsideDown UIInterfaceOrientationLandscapeLeft UIInterfaceOrientationLandscapeRight";
				INFOPLIST_KEY_UISupportedInterfaceOrientations_iPhone = "UIInterfaceOrientationPortrait UIInterfaceOrientationLandscapeLeft UIInterfaceOrientationLandscapeRight";
				LD_RUNPATH_SEARCH_PATHS = (
					"$(inherited)",
					"@executable_path/Frameworks",
				);
				MARKETING_VERSION = 1.0;
				PRODUCT_BUNDLE_IDENTIFIER = com.jerry.SeSACWeek16;
				PRODUCT_NAME = "$(TARGET_NAME)";
				SWIFT_EMIT_LOC_STRINGS = YES;
				SWIFT_VERSION = 5.0;
				TARGETED_DEVICE_FAMILY = "1,2";
			};
			name = Debug;
		};
		D3647968278BB1D100B09C41 /* Release */ = {
			isa = XCBuildConfiguration;
			buildSettings = {
				ASSETCATALOG_COMPILER_APPICON_NAME = AppIcon;
				ASSETCATALOG_COMPILER_GLOBAL_ACCENT_COLOR_NAME = AccentColor;
				CODE_SIGN_STYLE = Automatic;
				CURRENT_PROJECT_VERSION = 1;
				DEVELOPMENT_TEAM = 9XD488YM8C;
				GENERATE_INFOPLIST_FILE = YES;
				INFOPLIST_FILE = SeSACWeek16/Info.plist;
				INFOPLIST_KEY_UIApplicationSupportsIndirectInputEvents = YES;
				INFOPLIST_KEY_UILaunchStoryboardName = LaunchScreen;
				INFOPLIST_KEY_UIMainStoryboardFile = Main;
				INFOPLIST_KEY_UISupportedInterfaceOrientations_iPad = "UIInterfaceOrientationPortrait UIInterfaceOrientationPortraitUpsideDown UIInterfaceOrientationLandscapeLeft UIInterfaceOrientationLandscapeRight";
				INFOPLIST_KEY_UISupportedInterfaceOrientations_iPhone = "UIInterfaceOrientationPortrait UIInterfaceOrientationLandscapeLeft UIInterfaceOrientationLandscapeRight";
				LD_RUNPATH_SEARCH_PATHS = (
					"$(inherited)",
					"@executable_path/Frameworks",
				);
				MARKETING_VERSION = 1.0;
				PRODUCT_BUNDLE_IDENTIFIER = com.jerry.SeSACWeek16;
				PRODUCT_NAME = "$(TARGET_NAME)";
				SWIFT_EMIT_LOC_STRINGS = YES;
				SWIFT_VERSION = 5.0;
				TARGETED_DEVICE_FAMILY = "1,2";
			};
			name = Release;
		};
/* End XCBuildConfiguration section */

/* Begin XCConfigurationList section */
		D364794D278BB1CF00B09C41 /* Build configuration list for PBXProject "SeSACWeek16" */ = {
			isa = XCConfigurationList;
			buildConfigurations = (
				D3647964278BB1D100B09C41 /* Debug */,
				D3647965278BB1D100B09C41 /* Release */,
			);
			defaultConfigurationIsVisible = 0;
			defaultConfigurationName = Release;
		};
		D3647966278BB1D100B09C41 /* Build configuration list for PBXNativeTarget "SeSACWeek16" */ = {
			isa = XCConfigurationList;
			buildConfigurations = (
				D3647967278BB1D100B09C41 /* Debug */,
				D3647968278BB1D100B09C41 /* Release */,
			);
			defaultConfigurationIsVisible = 0;
			defaultConfigurationName = Release;
		};
/* End XCConfigurationList section */

/* Begin XCRemoteSwiftPackageReference section */
		D369586927905A2600924F5A /* XCRemoteSwiftPackageReference "SnapKit" */ = {
			isa = XCRemoteSwiftPackageReference;
			repositoryURL = "https://github.com/SnapKit/SnapKit.git";
			requirement = {
				kind = upToNextMajorVersion;
				minimumVersion = 5.0.0;
			};
		};
/* End XCRemoteSwiftPackageReference section */

/* Begin XCSwiftPackageProductDependency section */
		D369586A27905A2600924F5A /* SnapKit */ = {
			isa = XCSwiftPackageProductDependency;
			package = D369586927905A2600924F5A /* XCRemoteSwiftPackageReference "SnapKit" */;
			productName = SnapKit;
		};
/* End XCSwiftPackageProductDependency section */
	};
	rootObject = D364794A278BB1CF00B09C41 /* Project object */;
}
